// !$*UTF8*$!
{
	archiveVersion = 1;
	classes = {
	};
	objectVersion = 46;
	objects = {

/* Begin PBXBuildFile section */
		CDD0B8B4BBD933628DCC37D3 /* Pods.framework in Frameworks */ = {isa = PBXBuildFile; fileRef = 6DBADABF801DE9AB814CD0EB /* Pods.framework */; };
		F80191BE1C50F3E30007D2AF /* SortableByIndex.swift in Sources */ = {isa = PBXBuildFile; fileRef = F80191BD1C50F3E30007D2AF /* SortableByIndex.swift */; };
		F80191C01C50F94D0007D2AF /* RecordIdIndexable.swift in Sources */ = {isa = PBXBuildFile; fileRef = F80191BF1C50F94D0007D2AF /* RecordIdIndexable.swift */; };
		F8067C421C60F34000782E63 /* BoardsHolderDelegate.swift in Sources */ = {isa = PBXBuildFile; fileRef = F8067C411C60F34000782E63 /* BoardsHolderDelegate.swift */; };
		F8067C441C60F38300782E63 /* BoardsTableViewController+BoardsHolderDelegate.swift in Sources */ = {isa = PBXBuildFile; fileRef = F8067C431C60F38300782E63 /* BoardsTableViewController+BoardsHolderDelegate.swift */; };
		F8067C4A1C60F9A800782E63 /* DisplayNameCapable.swift in Sources */ = {isa = PBXBuildFile; fileRef = F8067C491C60F9A800782E63 /* DisplayNameCapable.swift */; };
		F8067C4C1C60FAF200782E63 /* TasksHolderDelegate.swift in Sources */ = {isa = PBXBuildFile; fileRef = F8067C4B1C60FAF200782E63 /* TasksHolderDelegate.swift */; };
		F8067C4E1C61098A00782E63 /* TasksViewController+TasksHolderDelegate.swift in Sources */ = {isa = PBXBuildFile; fileRef = F8067C4D1C61098A00782E63 /* TasksViewController+TasksHolderDelegate.swift */; };
		F81954D91C565669007D15E8 /* UserCloudPreferencesHandler.swift in Sources */ = {isa = PBXBuildFile; fileRef = F81954D81C565669007D15E8 /* UserCloudPreferencesHandler.swift */; };
		F81985B71C8854DD009D1E92 /* Reachability.swift in Sources */ = {isa = PBXBuildFile; fileRef = F81985B61C8854DD009D1E92 /* Reachability.swift */; };
		F82755CF1C58F804005A1964 /* Extensions+String.swift in Sources */ = {isa = PBXBuildFile; fileRef = F82755CE1C58F804005A1964 /* Extensions+String.swift */; };
		F8386A2D1C5B6A0B00C298A5 /* TaskTableViewCell.swift in Sources */ = {isa = PBXBuildFile; fileRef = F8386A2C1C5B6A0B00C298A5 /* TaskTableViewCell.swift */; };
		F83B7D2A1C6CB67600A24A56 /* FloatingButtonHolder.swift in Sources */ = {isa = PBXBuildFile; fileRef = F83B7D291C6CB67600A24A56 /* FloatingButtonHolder.swift */; };
		F83B7D2C1C6CBAD000A24A56 /* UIView+Extensions.swift in Sources */ = {isa = PBXBuildFile; fileRef = F83B7D2B1C6CBAD000A24A56 /* UIView+Extensions.swift */; };
		F83D16031C4F825100E46E43 /* UserErrors.swift in Sources */ = {isa = PBXBuildFile; fileRef = F83D16021C4F825100E46E43 /* UserErrors.swift */; };
		F83D666A1C7B4D72007E67E7 /* ActionController.swift in Sources */ = {isa = PBXBuildFile; fileRef = F83D66681C7B4D72007E67E7 /* ActionController.swift */; };
		F83D666B1C7B4D72007E67E7 /* ActionController.xib in Resources */ = {isa = PBXBuildFile; fileRef = F83D66691C7B4D72007E67E7 /* ActionController.xib */; };
		F84B4D651C4E66C70013D7F1 /* TasksViewController.swift in Sources */ = {isa = PBXBuildFile; fileRef = F84B4D641C4E66C70013D7F1 /* TasksViewController.swift */; };
		F84B4D691C4E69240013D7F1 /* TasksHolder.swift in Sources */ = {isa = PBXBuildFile; fileRef = F84B4D681C4E69240013D7F1 /* TasksHolder.swift */; };
		F84B4D721C4E71C60013D7F1 /* TaskEditViewController.swift in Sources */ = {isa = PBXBuildFile; fileRef = F84B4D711C4E71C60013D7F1 /* TaskEditViewController.swift */; };
		F84B4D741C4E720E0013D7F1 /* TaskEditNavigationController.swift in Sources */ = {isa = PBXBuildFile; fileRef = F84B4D731C4E720E0013D7F1 /* TaskEditNavigationController.swift */; };
		F84B51741C5A1A010041A248 /* Extensions+UIImage.swift in Sources */ = {isa = PBXBuildFile; fileRef = F84B51731C5A1A010041A248 /* Extensions+UIImage.swift */; };
		F84CAD0F1C5624F000BC2ECC /* UserProfileViewController.swift in Sources */ = {isa = PBXBuildFile; fileRef = F84CAD0E1C5624F000BC2ECC /* UserProfileViewController.swift */; };
		F84CAD121C5628D400BC2ECC /* UserProfileHeader.xib in Resources */ = {isa = PBXBuildFile; fileRef = F84CAD111C5628D400BC2ECC /* UserProfileHeader.xib */; };
		F84CAD141C562AF700BC2ECC /* UserProfileHeader.swift in Sources */ = {isa = PBXBuildFile; fileRef = F84CAD131C562AF700BC2ECC /* UserProfileHeader.swift */; };
		F84CAD161C562E0600BC2ECC /* DocumentsFolderFileHandler.swift in Sources */ = {isa = PBXBuildFile; fileRef = F84CAD151C562E0600BC2ECC /* DocumentsFolderFileHandler.swift */; };
		F84CAD181C56339600BC2ECC /* UserProfileHeaderDelegate.swift in Sources */ = {isa = PBXBuildFile; fileRef = F84CAD171C56339600BC2ECC /* UserProfileHeaderDelegate.swift */; };
		F84CAD1A1C5635E000BC2ECC /* UserProfileViewController+UserProfileHeaderDelegate.swift in Sources */ = {isa = PBXBuildFile; fileRef = F84CAD191C5635E000BC2ECC /* UserProfileViewController+UserProfileHeaderDelegate.swift */; };
		F84CAD1C1C56363D00BC2ECC /* UserProfileViewController+UIImagePickerControllerDelegate.swift in Sources */ = {isa = PBXBuildFile; fileRef = F84CAD1B1C56363D00BC2ECC /* UserProfileViewController+UIImagePickerControllerDelegate.swift */; };
		F84CAD1E1C563F9300BC2ECC /* UserDefaultsManager.swift in Sources */ = {isa = PBXBuildFile; fileRef = F84CAD1D1C563F9300BC2ECC /* UserDefaultsManager.swift */; };
		F84CAD201C563FEB00BC2ECC /* UserDefalutKeys.swift in Sources */ = {isa = PBXBuildFile; fileRef = F84CAD1F1C563FEB00BC2ECC /* UserDefalutKeys.swift */; };
		F84D68661C4CEB2E00EF8A16 /* AppDelegate.swift in Sources */ = {isa = PBXBuildFile; fileRef = F84D68651C4CEB2E00EF8A16 /* AppDelegate.swift */; };
		F84D686D1C4CEB2E00EF8A16 /* Assets.xcassets in Resources */ = {isa = PBXBuildFile; fileRef = F84D686C1C4CEB2E00EF8A16 /* Assets.xcassets */; };
		F84D68701C4CEB2E00EF8A16 /* LaunchScreen.storyboard in Resources */ = {isa = PBXBuildFile; fileRef = F84D686E1C4CEB2E00EF8A16 /* LaunchScreen.storyboard */; };
		F84D68B61C4CEB6900EF8A16 /* CloudKitDatabaseHandler.swift in Sources */ = {isa = PBXBuildFile; fileRef = F84D68781C4CEB6900EF8A16 /* CloudKitDatabaseHandler.swift */; };
		F84D68B71C4CEB6900EF8A16 /* CloudRecordTypes.swift in Sources */ = {isa = PBXBuildFile; fileRef = F84D68791C4CEB6900EF8A16 /* CloudRecordTypes.swift */; };
		F84D68BB1C4CEB6900EF8A16 /* ErrorContacts.swift in Sources */ = {isa = PBXBuildFile; fileRef = F84D687E1C4CEB6900EF8A16 /* ErrorContacts.swift */; };
		F84D68BC1C4CEB6900EF8A16 /* ErrorTaskBoard.swift in Sources */ = {isa = PBXBuildFile; fileRef = F84D687F1C4CEB6900EF8A16 /* ErrorTaskBoard.swift */; };
		F84D68BD1C4CEB6900EF8A16 /* Extensions-UIViewController.swift in Sources */ = {isa = PBXBuildFile; fileRef = F84D68811C4CEB6900EF8A16 /* Extensions-UIViewController.swift */; };
		F84D68BE1C4CEB6900EF8A16 /* DigitsKit.framework in Frameworks */ = {isa = PBXBuildFile; fileRef = F84D68831C4CEB6900EF8A16 /* DigitsKit.framework */; };
		F84D68BF1C4CEB6900EF8A16 /* DigitsKitResources.bundle in Resources */ = {isa = PBXBuildFile; fileRef = F84D68841C4CEB6900EF8A16 /* DigitsKitResources.bundle */; };
		F84D68C01C4CEB6900EF8A16 /* Fabric.framework in Frameworks */ = {isa = PBXBuildFile; fileRef = F84D68851C4CEB6900EF8A16 /* Fabric.framework */; };
		F84D68C11C4CEB6900EF8A16 /* TwitterCore.framework in Frameworks */ = {isa = PBXBuildFile; fileRef = F84D68861C4CEB6900EF8A16 /* TwitterCore.framework */; };
		F84D68C21C4CEB6900EF8A16 /* Board+CoreDataProperties.swift in Sources */ = {isa = PBXBuildFile; fileRef = F84D68891C4CEB6900EF8A16 /* Board+CoreDataProperties.swift */; };
		F84D68C31C4CEB6900EF8A16 /* Board.swift in Sources */ = {isa = PBXBuildFile; fileRef = F84D688A1C4CEB6900EF8A16 /* Board.swift */; };
		F84D68C41C4CEB6900EF8A16 /* Task+CoreDataProperties.swift in Sources */ = {isa = PBXBuildFile; fileRef = F84D688B1C4CEB6900EF8A16 /* Task+CoreDataProperties.swift */; };
		F84D68C51C4CEB6900EF8A16 /* Task.swift in Sources */ = {isa = PBXBuildFile; fileRef = F84D688C1C4CEB6900EF8A16 /* Task.swift */; };
		F84D68C61C4CEB6900EF8A16 /* TasksHandlerDataModel.xcdatamodeld in Sources */ = {isa = PBXBuildFile; fileRef = F84D688D1C4CEB6900EF8A16 /* TasksHandlerDataModel.xcdatamodeld */; };
		F84D68C71C4CEB6900EF8A16 /* User+CoreDataProperties.swift in Sources */ = {isa = PBXBuildFile; fileRef = F84D688F1C4CEB6900EF8A16 /* User+CoreDataProperties.swift */; };
		F84D68C81C4CEB6900EF8A16 /* User.swift in Sources */ = {isa = PBXBuildFile; fileRef = F84D68901C4CEB6900EF8A16 /* User.swift */; };
		F84D68C91C4CEB6900EF8A16 /* ContactsFetcherIOS9.swift in Sources */ = {isa = PBXBuildFile; fileRef = F84D68921C4CEB6900EF8A16 /* ContactsFetcherIOS9.swift */; };
		F84D68CA1C4CEB6900EF8A16 /* ContactsFetcherPreIOS9.swift in Sources */ = {isa = PBXBuildFile; fileRef = F84D68931C4CEB6900EF8A16 /* ContactsFetcherPreIOS9.swift */; };
		F84D68CB1C4CEB6900EF8A16 /* ContactsHandler.swift in Sources */ = {isa = PBXBuildFile; fileRef = F84D68941C4CEB6900EF8A16 /* ContactsHandler.swift */; };
		F84D68CC1C4CEB6900EF8A16 /* ContactsHandlerDelegate.swift in Sources */ = {isa = PBXBuildFile; fileRef = F84D68951C4CEB6900EF8A16 /* ContactsHandlerDelegate.swift */; };
		F84D68CD1C4CEB6900EF8A16 /* DeviceContact+Extension.swift in Sources */ = {isa = PBXBuildFile; fileRef = F84D68961C4CEB6900EF8A16 /* DeviceContact+Extension.swift */; };
		F84D68CE1C4CEB6900EF8A16 /* DeviceContact.swift in Sources */ = {isa = PBXBuildFile; fileRef = F84D68971C4CEB6900EF8A16 /* DeviceContact.swift */; };
		F84D68CF1C4CEB6900EF8A16 /* DeviceContactReading.swift in Sources */ = {isa = PBXBuildFile; fileRef = F84D68981C4CEB6900EF8A16 /* DeviceContactReading.swift */; };
		F84D68D01C4CEB6900EF8A16 /* PhoneAndCloudAuthenticator.swift in Sources */ = {isa = PBXBuildFile; fileRef = F84D689A1C4CEB6900EF8A16 /* PhoneAndCloudAuthenticator.swift */; };
		F84D68D11C4CEB6900EF8A16 /* UserAuthenticationStatus.swift in Sources */ = {isa = PBXBuildFile; fileRef = F84D689B1C4CEB6900EF8A16 /* UserAuthenticationStatus.swift */; };
		F84D68D61C4CEB6900EF8A16 /* UserAuthenticating.swift in Sources */ = {isa = PBXBuildFile; fileRef = F84D68A11C4CEB6900EF8A16 /* UserAuthenticating.swift */; };
		F84D68D71C4CEB6900EF8A16 /* UserAuthenticatorDelegates.swift in Sources */ = {isa = PBXBuildFile; fileRef = F84D68A21C4CEB6900EF8A16 /* UserAuthenticatorDelegates.swift */; };
		F84D68D81C4CEB6900EF8A16 /* PublicFunctions.swift in Sources */ = {isa = PBXBuildFile; fileRef = F84D68A31C4CEB6900EF8A16 /* PublicFunctions.swift */; };
		F84D68D91C4CEB6900EF8A16 /* ContactCollectionViewCell.swift in Sources */ = {isa = PBXBuildFile; fileRef = F84D68A61C4CEB6900EF8A16 /* ContactCollectionViewCell.swift */; };
		F84D68DB1C4CEB6900EF8A16 /* ContactsCollectionViewController.swift in Sources */ = {isa = PBXBuildFile; fileRef = F84D68A81C4CEB6900EF8A16 /* ContactsCollectionViewController.swift */; };
		F84D68DF1C4CEB6900EF8A16 /* TabBarViewController.swift in Sources */ = {isa = PBXBuildFile; fileRef = F84D68AC1C4CEB6900EF8A16 /* TabBarViewController.swift */; };
		F84D68E21C4CEB6900EF8A16 /* BoardEditNavigationController.swift in Sources */ = {isa = PBXBuildFile; fileRef = F84D68B11C4CEB6900EF8A16 /* BoardEditNavigationController.swift */; };
		F84D68E41C4CEB6900EF8A16 /* BoardsHolder.swift in Sources */ = {isa = PBXBuildFile; fileRef = F84D68B31C4CEB6900EF8A16 /* BoardsHolder.swift */; };
		F84D68E51C4CEB6900EF8A16 /* BoardsTableViewController.swift in Sources */ = {isa = PBXBuildFile; fileRef = F84D68B41C4CEB6900EF8A16 /* BoardsTableViewController.swift */; };
		F84D68E81C4CEBA100EF8A16 /* LoginViewController.swift in Sources */ = {isa = PBXBuildFile; fileRef = F84D68E71C4CEBA100EF8A16 /* LoginViewController.swift */; };
		F84D68EB1C4CEBE300EF8A16 /* CloudKit.framework in Frameworks */ = {isa = PBXBuildFile; fileRef = F84D68EA1C4CEBE300EF8A16 /* CloudKit.framework */; };
		F84D68F11C4CEDFB00EF8A16 /* TaskManager.storyboard in Resources */ = {isa = PBXBuildFile; fileRef = F84D68EF1C4CEDFB00EF8A16 /* TaskManager.storyboard */; };
		F84D68F31C4CF5D800EF8A16 /* LoginViewController+UserDelegateExtensions.swift in Sources */ = {isa = PBXBuildFile; fileRef = F84D68F21C4CF5D800EF8A16 /* LoginViewController+UserDelegateExtensions.swift */; };
		F84D68F51C4CF8DF00EF8A16 /* BoardEditViewController.swift in Sources */ = {isa = PBXBuildFile; fileRef = F84D68F41C4CF8DF00EF8A16 /* BoardEditViewController.swift */; };
		F84D68F71C4CF8E700EF8A16 /* ContactProfileViewController.swift in Sources */ = {isa = PBXBuildFile; fileRef = F84D68F61C4CF8E700EF8A16 /* ContactProfileViewController.swift */; };
		F84D68FF1C4D230600EF8A16 /* PublicUserRecordHandling.swift in Sources */ = {isa = PBXBuildFile; fileRef = F84D68FE1C4D230600EF8A16 /* PublicUserRecordHandling.swift */; };
		F84D69011C4D2D0500EF8A16 /* AppDelegateError.swift in Sources */ = {isa = PBXBuildFile; fileRef = F84D69001C4D2D0500EF8A16 /* AppDelegateError.swift */; };
		F84D69081C4D3DF400EF8A16 /* BoardEditingHolder.swift in Sources */ = {isa = PBXBuildFile; fileRef = F84D69061C4D3DF400EF8A16 /* BoardEditingHolder.swift */; };
		F84D69091C4D3DF400EF8A16 /* BoardEditingType.swift in Sources */ = {isa = PBXBuildFile; fileRef = F84D69071C4D3DF400EF8A16 /* BoardEditingType.swift */; };
		F84DCDA01C8723D200D42BA3 /* BoardDetailsHeaderDelegate.swift in Sources */ = {isa = PBXBuildFile; fileRef = F84DCD9F1C8723D200D42BA3 /* BoardDetailsHeaderDelegate.swift */; };
		F8547FCF1C7F0A4000296B45 /* TaskActionsView.xib in Resources */ = {isa = PBXBuildFile; fileRef = F8547FCE1C7F0A4000296B45 /* TaskActionsView.xib */; };
		F8547FD11C7F0D9E00296B45 /* TaskActionsView.swift in Sources */ = {isa = PBXBuildFile; fileRef = F8547FD01C7F0D9E00296B45 /* TaskActionsView.swift */; };
		F8547FD31C7F0F3900296B45 /* TaskActionsViewDelegate.swift in Sources */ = {isa = PBXBuildFile; fileRef = F8547FD21C7F0F3900296B45 /* TaskActionsViewDelegate.swift */; };
		F8547FD51C7F200E00296B45 /* TaskActionsSectionTitleHeader.swift in Sources */ = {isa = PBXBuildFile; fileRef = F8547FD41C7F200E00296B45 /* TaskActionsSectionTitleHeader.swift */; };
		F8547FDD1C7F332800296B45 /* UIFont+Extension.swift in Sources */ = {isa = PBXBuildFile; fileRef = F8547FDC1C7F332800296B45 /* UIFont+Extension.swift */; };
		F8547FE21C7F343B00296B45 /* segoeui.ttf in Resources */ = {isa = PBXBuildFile; fileRef = F8547FDF1C7F343B00296B45 /* segoeui.ttf */; };
		F8547FE31C7F343B00296B45 /* segoeuil.ttf in Resources */ = {isa = PBXBuildFile; fileRef = F8547FE01C7F343B00296B45 /* segoeuil.ttf */; };
		F8547FE41C7F343B00296B45 /* seguisb.ttf in Resources */ = {isa = PBXBuildFile; fileRef = F8547FE11C7F343B00296B45 /* seguisb.ttf */; };
		F8547FE61C7F407E00296B45 /* BoardsAnimatedHeader.xib in Resources */ = {isa = PBXBuildFile; fileRef = F8547FE51C7F407E00296B45 /* BoardsAnimatedHeader.xib */; };
		F8547FE81C7F40E000296B45 /* TaskActionsSectionTitleHeader.xib in Resources */ = {isa = PBXBuildFile; fileRef = F8547FE71C7F40E000296B45 /* TaskActionsSectionTitleHeader.xib */; };
		F855B53C1C6220B200894413 /* CloudKitRecordKeys.swift in Sources */ = {isa = PBXBuildFile; fileRef = F855B53B1C6220B200894413 /* CloudKitRecordKeys.swift */; };
		F858B73F1C57CAC4003BF286 /* CloudRegisteredUsersOperation.swift in Sources */ = {isa = PBXBuildFile; fileRef = F858B73E1C57CAC4003BF286 /* CloudRegisteredUsersOperation.swift */; };
		F87D68041C4FE740003C5689 /* CloudKitResults.swift in Sources */ = {isa = PBXBuildFile; fileRef = F87D68031C4FE740003C5689 /* CloudKitResults.swift */; };
		F8832BC01C4F9AF800D75FAE /* TaskEditType.swift in Sources */ = {isa = PBXBuildFile; fileRef = F8832BBF1C4F9AF800D75FAE /* TaskEditType.swift */; };
		F8832BC41C4FB64500D75FAE /* TaskErrors.swift in Sources */ = {isa = PBXBuildFile; fileRef = F8832BC31C4FB64500D75FAE /* TaskErrors.swift */; };
		F8832BC61C4FCDEC00D75FAE /* AddTaskTableViewCell.swift in Sources */ = {isa = PBXBuildFile; fileRef = F8832BC51C4FCDEC00D75FAE /* AddTaskTableViewCell.swift */; };
		F8832BC81C4FE1D200D75FAE /* CloudKitErrorParser.swift in Sources */ = {isa = PBXBuildFile; fileRef = F8832BC71C4FE1D200D75FAE /* CloudKitErrorParser.swift */; };
		F884BC441C60AB1F0057539E /* DataSyncronizer.swift in Sources */ = {isa = PBXBuildFile; fileRef = F884BC431C60AB1F0057539E /* DataSyncronizer.swift */; };
		F884BC461C60CB960057539E /* BoardsTableViewController+ContactsHandlerDelegate.swift in Sources */ = {isa = PBXBuildFile; fileRef = F884BC451C60CB960057539E /* BoardsTableViewController+ContactsHandlerDelegate.swift */; };
		F884BC481C60DDF90057539E /* RecordIDStringIndexable.swift in Sources */ = {isa = PBXBuildFile; fileRef = F884BC471C60DDF90057539E /* RecordIDStringIndexable.swift */; };
		F88669951C577A5200F56C0A /* BoardsTableViewCell.swift in Sources */ = {isa = PBXBuildFile; fileRef = F88669941C577A5200F56C0A /* BoardsTableViewCell.swift */; };
		F88669971C5786D100F56C0A /* CoreDataManager.swift in Sources */ = {isa = PBXBuildFile; fileRef = F88669961C5786D100F56C0A /* CoreDataManager.swift */; };
		F88669991C57997800F56C0A /* ContactsCollectionViewController+ContactsHandlerDelegate.swift in Sources */ = {isa = PBXBuildFile; fileRef = F88669981C57997800F56C0A /* ContactsCollectionViewController+ContactsHandlerDelegate.swift */; };
		F895CD501C5F63B100D08EE9 /* SubscriptionsHandler.swift in Sources */ = {isa = PBXBuildFile; fileRef = F895CD4F1C5F63B100D08EE9 /* SubscriptionsHandler.swift */; };
		F895CD521C5F791D00D08EE9 /* Extension+CKSubscriptionOptions.swift in Sources */ = {isa = PBXBuildFile; fileRef = F895CD511C5F791D00D08EE9 /* Extension+CKSubscriptionOptions.swift */; };
		F895CD541C5F8B7F00D08EE9 /* NotificationsHandler.swift in Sources */ = {isa = PBXBuildFile; fileRef = F895CD531C5F8B7F00D08EE9 /* NotificationsHandler.swift */; };
		F8AF1BB41C91B95C001EB2B5 /* ContactsTableViewController.swift in Sources */ = {isa = PBXBuildFile; fileRef = F8AF1BB31C91B95C001EB2B5 /* ContactsTableViewController.swift */; };
		F8AF1BB61C91B9E5001EB2B5 /* ContactsListCell.swift in Sources */ = {isa = PBXBuildFile; fileRef = F8AF1BB51C91B9E5001EB2B5 /* ContactsListCell.swift */; };
		F8AF1BB81C91BF70001EB2B5 /* ContactsTableViewController + ContactsHandlerDelegate.swift in Sources */ = {isa = PBXBuildFile; fileRef = F8AF1BB71C91BF70001EB2B5 /* ContactsTableViewController + ContactsHandlerDelegate.swift */; };
		F8AF1BBE1C91D165001EB2B5 /* ContactProfileViewController+ContactProfileHeaderDelegate.swift in Sources */ = {isa = PBXBuildFile; fileRef = F8AF1BBD1C91D165001EB2B5 /* ContactProfileViewController+ContactProfileHeaderDelegate.swift */; };
		F8BFD4D71C807E7D008081C6 /* TaskActionsConfirmView.swift in Sources */ = {isa = PBXBuildFile; fileRef = F8BFD4D61C807E7D008081C6 /* TaskActionsConfirmView.swift */; };
		F8BFD4D91C808E1E008081C6 /* TaskActionsConfirmView.xib in Resources */ = {isa = PBXBuildFile; fileRef = F8BFD4D81C808E1E008081C6 /* TaskActionsConfirmView.xib */; };
		F8C231451C85D468003C600A /* ContactSelectableTableCell.swift in Sources */ = {isa = PBXBuildFile; fileRef = F8C231441C85D468003C600A /* ContactSelectableTableCell.swift */; };
		F8C231471C85D63E003C600A /* RadioCheckbox.swift in Sources */ = {isa = PBXBuildFile; fileRef = F8C231461C85D63E003C600A /* RadioCheckbox.swift */; };
		F8C231491C85D85A003C600A /* RadioCheckbox.xib in Resources */ = {isa = PBXBuildFile; fileRef = F8C231481C85D85A003C600A /* RadioCheckbox.xib */; };
		F8C231511C85EB2D003C600A /* ContactSelectableTableCell.xib in Resources */ = {isa = PBXBuildFile; fileRef = F8C2314F1C85EB2D003C600A /* ContactSelectableTableCell.xib */; };
		F8DD67581C5A0EB300258E44 /* Extensions+NSDate.swift in Sources */ = {isa = PBXBuildFile; fileRef = F8DD67571C5A0EB300258E44 /* Extensions+NSDate.swift */; };
		F8DD675E1C5A15C500258E44 /* BoardDetailsHeader.swift in Sources */ = {isa = PBXBuildFile; fileRef = F8DD675D1C5A15C500258E44 /* BoardDetailsHeader.swift */; };
		F8DD67601C5A15ED00258E44 /* BoardDetailsHeader.xib in Resources */ = {isa = PBXBuildFile; fileRef = F8DD675F1C5A15ED00258E44 /* BoardDetailsHeader.xib */; };
		F8E4DFE51C649CBD008E4F49 /* TempTaskInfo.swift in Sources */ = {isa = PBXBuildFile; fileRef = F8E4DFE41C649CBD008E4F49 /* TempTaskInfo.swift */; };
		F8F8B25C1C7DBAB7007A6F7D /* UIColor+Extensions.swift in Sources */ = {isa = PBXBuildFile; fileRef = F8F8B25B1C7DBAB7007A6F7D /* UIColor+Extensions.swift */; };
		F8F8B25E1C7DC67F007A6F7D /* BoardsAnimatedHeader.swift in Sources */ = {isa = PBXBuildFile; fileRef = F8F8B25D1C7DC67F007A6F7D /* BoardsAnimatedHeader.swift */; };
		F8FA973C1C733F5700727282 /* BoardsHeaderViewDelegate.swift in Sources */ = {isa = PBXBuildFile; fileRef = F8FA973B1C733F5700727282 /* BoardsHeaderViewDelegate.swift */; };
		F8FA973E1C733F8900727282 /* BoardsTableViewController+BoardsHeaderViewDelegate.swift in Sources */ = {isa = PBXBuildFile; fileRef = F8FA973D1C733F8900727282 /* BoardsTableViewController+BoardsHeaderViewDelegate.swift */; };
/* End PBXBuildFile section */

/* Begin PBXFileReference section */
		6DBADABF801DE9AB814CD0EB /* Pods.framework */ = {isa = PBXFileReference; explicitFileType = wrapper.framework; includeInIndex = 0; path = Pods.framework; sourceTree = BUILT_PRODUCTS_DIR; };
		8452BECF58B322F3647C4245 /* Pods.debug.xcconfig */ = {isa = PBXFileReference; includeInIndex = 1; lastKnownFileType = text.xcconfig; name = Pods.debug.xcconfig; path = "Pods/Target Support Files/Pods/Pods.debug.xcconfig"; sourceTree = "<group>"; };
		B905EBAA48E071546628AED8 /* Pods.release.xcconfig */ = {isa = PBXFileReference; includeInIndex = 1; lastKnownFileType = text.xcconfig; name = Pods.release.xcconfig; path = "Pods/Target Support Files/Pods/Pods.release.xcconfig"; sourceTree = "<group>"; };
		F80191BD1C50F3E30007D2AF /* SortableByIndex.swift */ = {isa = PBXFileReference; fileEncoding = 4; lastKnownFileType = sourcecode.swift; path = SortableByIndex.swift; sourceTree = "<group>"; };
		F80191BF1C50F94D0007D2AF /* RecordIdIndexable.swift */ = {isa = PBXFileReference; fileEncoding = 4; lastKnownFileType = sourcecode.swift; path = RecordIdIndexable.swift; sourceTree = "<group>"; };
		F8067C411C60F34000782E63 /* BoardsHolderDelegate.swift */ = {isa = PBXFileReference; fileEncoding = 4; lastKnownFileType = sourcecode.swift; path = BoardsHolderDelegate.swift; sourceTree = "<group>"; };
		F8067C431C60F38300782E63 /* BoardsTableViewController+BoardsHolderDelegate.swift */ = {isa = PBXFileReference; fileEncoding = 4; lastKnownFileType = sourcecode.swift; path = "BoardsTableViewController+BoardsHolderDelegate.swift"; sourceTree = "<group>"; };
		F8067C491C60F9A800782E63 /* DisplayNameCapable.swift */ = {isa = PBXFileReference; fileEncoding = 4; lastKnownFileType = sourcecode.swift; path = DisplayNameCapable.swift; sourceTree = "<group>"; };
		F8067C4B1C60FAF200782E63 /* TasksHolderDelegate.swift */ = {isa = PBXFileReference; fileEncoding = 4; lastKnownFileType = sourcecode.swift; path = TasksHolderDelegate.swift; sourceTree = "<group>"; };
		F8067C4D1C61098A00782E63 /* TasksViewController+TasksHolderDelegate.swift */ = {isa = PBXFileReference; fileEncoding = 4; lastKnownFileType = sourcecode.swift; path = "TasksViewController+TasksHolderDelegate.swift"; sourceTree = "<group>"; };
		F81954D81C565669007D15E8 /* UserCloudPreferencesHandler.swift */ = {isa = PBXFileReference; fileEncoding = 4; lastKnownFileType = sourcecode.swift; path = UserCloudPreferencesHandler.swift; sourceTree = "<group>"; };
		F81985B61C8854DD009D1E92 /* Reachability.swift */ = {isa = PBXFileReference; fileEncoding = 4; lastKnownFileType = sourcecode.swift; path = Reachability.swift; sourceTree = "<group>"; };
		F82755CE1C58F804005A1964 /* Extensions+String.swift */ = {isa = PBXFileReference; fileEncoding = 4; lastKnownFileType = sourcecode.swift; path = "Extensions+String.swift"; sourceTree = "<group>"; };
		F8386A2C1C5B6A0B00C298A5 /* TaskTableViewCell.swift */ = {isa = PBXFileReference; fileEncoding = 4; lastKnownFileType = sourcecode.swift; path = TaskTableViewCell.swift; sourceTree = "<group>"; };
		F83B7D291C6CB67600A24A56 /* FloatingButtonHolder.swift */ = {isa = PBXFileReference; fileEncoding = 4; lastKnownFileType = sourcecode.swift; path = FloatingButtonHolder.swift; sourceTree = "<group>"; };
		F83B7D2B1C6CBAD000A24A56 /* UIView+Extensions.swift */ = {isa = PBXFileReference; fileEncoding = 4; lastKnownFileType = sourcecode.swift; path = "UIView+Extensions.swift"; sourceTree = "<group>"; };
		F83D16021C4F825100E46E43 /* UserErrors.swift */ = {isa = PBXFileReference; fileEncoding = 4; lastKnownFileType = sourcecode.swift; path = UserErrors.swift; sourceTree = "<group>"; };
		F83D66681C7B4D72007E67E7 /* ActionController.swift */ = {isa = PBXFileReference; fileEncoding = 4; lastKnownFileType = sourcecode.swift; path = ActionController.swift; sourceTree = "<group>"; };
		F83D66691C7B4D72007E67E7 /* ActionController.xib */ = {isa = PBXFileReference; fileEncoding = 4; lastKnownFileType = file.xib; path = ActionController.xib; sourceTree = "<group>"; };
		F84B4D641C4E66C70013D7F1 /* TasksViewController.swift */ = {isa = PBXFileReference; fileEncoding = 4; lastKnownFileType = sourcecode.swift; path = TasksViewController.swift; sourceTree = "<group>"; };
		F84B4D681C4E69240013D7F1 /* TasksHolder.swift */ = {isa = PBXFileReference; fileEncoding = 4; lastKnownFileType = sourcecode.swift; path = TasksHolder.swift; sourceTree = "<group>"; };
		F84B4D711C4E71C60013D7F1 /* TaskEditViewController.swift */ = {isa = PBXFileReference; fileEncoding = 4; lastKnownFileType = sourcecode.swift; path = TaskEditViewController.swift; sourceTree = "<group>"; };
		F84B4D731C4E720E0013D7F1 /* TaskEditNavigationController.swift */ = {isa = PBXFileReference; fileEncoding = 4; lastKnownFileType = sourcecode.swift; path = TaskEditNavigationController.swift; sourceTree = "<group>"; };
		F84B51731C5A1A010041A248 /* Extensions+UIImage.swift */ = {isa = PBXFileReference; fileEncoding = 4; lastKnownFileType = sourcecode.swift; path = "Extensions+UIImage.swift"; sourceTree = "<group>"; };
		F84CAD0E1C5624F000BC2ECC /* UserProfileViewController.swift */ = {isa = PBXFileReference; fileEncoding = 4; lastKnownFileType = sourcecode.swift; path = UserProfileViewController.swift; sourceTree = "<group>"; };
		F84CAD111C5628D400BC2ECC /* UserProfileHeader.xib */ = {isa = PBXFileReference; fileEncoding = 4; lastKnownFileType = file.xib; path = UserProfileHeader.xib; sourceTree = "<group>"; };
		F84CAD131C562AF700BC2ECC /* UserProfileHeader.swift */ = {isa = PBXFileReference; fileEncoding = 4; lastKnownFileType = sourcecode.swift; path = UserProfileHeader.swift; sourceTree = "<group>"; };
		F84CAD151C562E0600BC2ECC /* DocumentsFolderFileHandler.swift */ = {isa = PBXFileReference; fileEncoding = 4; lastKnownFileType = sourcecode.swift; path = DocumentsFolderFileHandler.swift; sourceTree = "<group>"; };
		F84CAD171C56339600BC2ECC /* UserProfileHeaderDelegate.swift */ = {isa = PBXFileReference; fileEncoding = 4; lastKnownFileType = sourcecode.swift; path = UserProfileHeaderDelegate.swift; sourceTree = "<group>"; };
		F84CAD191C5635E000BC2ECC /* UserProfileViewController+UserProfileHeaderDelegate.swift */ = {isa = PBXFileReference; fileEncoding = 4; lastKnownFileType = sourcecode.swift; path = "UserProfileViewController+UserProfileHeaderDelegate.swift"; sourceTree = "<group>"; };
		F84CAD1B1C56363D00BC2ECC /* UserProfileViewController+UIImagePickerControllerDelegate.swift */ = {isa = PBXFileReference; fileEncoding = 4; lastKnownFileType = sourcecode.swift; path = "UserProfileViewController+UIImagePickerControllerDelegate.swift"; sourceTree = "<group>"; };
		F84CAD1D1C563F9300BC2ECC /* UserDefaultsManager.swift */ = {isa = PBXFileReference; fileEncoding = 4; lastKnownFileType = sourcecode.swift; path = UserDefaultsManager.swift; sourceTree = "<group>"; };
		F84CAD1F1C563FEB00BC2ECC /* UserDefalutKeys.swift */ = {isa = PBXFileReference; fileEncoding = 4; lastKnownFileType = sourcecode.swift; path = UserDefalutKeys.swift; sourceTree = "<group>"; };
		F84D68621C4CEB2E00EF8A16 /* TaskManager.app */ = {isa = PBXFileReference; explicitFileType = wrapper.application; includeInIndex = 0; path = TaskManager.app; sourceTree = BUILT_PRODUCTS_DIR; };
		F84D68651C4CEB2E00EF8A16 /* AppDelegate.swift */ = {isa = PBXFileReference; lastKnownFileType = sourcecode.swift; path = AppDelegate.swift; sourceTree = "<group>"; };
		F84D686C1C4CEB2E00EF8A16 /* Assets.xcassets */ = {isa = PBXFileReference; lastKnownFileType = folder.assetcatalog; path = Assets.xcassets; sourceTree = "<group>"; };
		F84D686F1C4CEB2E00EF8A16 /* Base */ = {isa = PBXFileReference; lastKnownFileType = file.storyboard; name = Base; path = Base.lproj/LaunchScreen.storyboard; sourceTree = "<group>"; };
		F84D68711C4CEB2E00EF8A16 /* Info.plist */ = {isa = PBXFileReference; lastKnownFileType = text.plist.xml; path = Info.plist; sourceTree = "<group>"; };
		F84D68781C4CEB6900EF8A16 /* CloudKitDatabaseHandler.swift */ = {isa = PBXFileReference; fileEncoding = 4; lastKnownFileType = sourcecode.swift; path = CloudKitDatabaseHandler.swift; sourceTree = "<group>"; };
		F84D68791C4CEB6900EF8A16 /* CloudRecordTypes.swift */ = {isa = PBXFileReference; fileEncoding = 4; lastKnownFileType = sourcecode.swift; path = CloudRecordTypes.swift; sourceTree = "<group>"; };
		F84D687E1C4CEB6900EF8A16 /* ErrorContacts.swift */ = {isa = PBXFileReference; fileEncoding = 4; lastKnownFileType = sourcecode.swift; path = ErrorContacts.swift; sourceTree = "<group>"; };
		F84D687F1C4CEB6900EF8A16 /* ErrorTaskBoard.swift */ = {isa = PBXFileReference; fileEncoding = 4; lastKnownFileType = sourcecode.swift; path = ErrorTaskBoard.swift; sourceTree = "<group>"; };
		F84D68811C4CEB6900EF8A16 /* Extensions-UIViewController.swift */ = {isa = PBXFileReference; fileEncoding = 4; lastKnownFileType = sourcecode.swift; path = "Extensions-UIViewController.swift"; sourceTree = "<group>"; };
		F84D68831C4CEB6900EF8A16 /* DigitsKit.framework */ = {isa = PBXFileReference; lastKnownFileType = wrapper.framework; path = DigitsKit.framework; sourceTree = "<group>"; };
		F84D68841C4CEB6900EF8A16 /* DigitsKitResources.bundle */ = {isa = PBXFileReference; lastKnownFileType = "wrapper.plug-in"; path = DigitsKitResources.bundle; sourceTree = "<group>"; };
		F84D68851C4CEB6900EF8A16 /* Fabric.framework */ = {isa = PBXFileReference; lastKnownFileType = wrapper.framework; path = Fabric.framework; sourceTree = "<group>"; };
		F84D68861C4CEB6900EF8A16 /* TwitterCore.framework */ = {isa = PBXFileReference; lastKnownFileType = wrapper.framework; path = TwitterCore.framework; sourceTree = "<group>"; };
		F84D68891C4CEB6900EF8A16 /* Board+CoreDataProperties.swift */ = {isa = PBXFileReference; fileEncoding = 4; lastKnownFileType = sourcecode.swift; path = "Board+CoreDataProperties.swift"; sourceTree = "<group>"; };
		F84D688A1C4CEB6900EF8A16 /* Board.swift */ = {isa = PBXFileReference; fileEncoding = 4; lastKnownFileType = sourcecode.swift; path = Board.swift; sourceTree = "<group>"; };
		F84D688B1C4CEB6900EF8A16 /* Task+CoreDataProperties.swift */ = {isa = PBXFileReference; fileEncoding = 4; lastKnownFileType = sourcecode.swift; path = "Task+CoreDataProperties.swift"; sourceTree = "<group>"; };
		F84D688C1C4CEB6900EF8A16 /* Task.swift */ = {isa = PBXFileReference; fileEncoding = 4; lastKnownFileType = sourcecode.swift; path = Task.swift; sourceTree = "<group>"; };
		F84D688E1C4CEB6900EF8A16 /* TasksHandlerDataModel.xcdatamodel */ = {isa = PBXFileReference; lastKnownFileType = wrapper.xcdatamodel; path = TasksHandlerDataModel.xcdatamodel; sourceTree = "<group>"; };
		F84D688F1C4CEB6900EF8A16 /* User+CoreDataProperties.swift */ = {isa = PBXFileReference; fileEncoding = 4; lastKnownFileType = sourcecode.swift; path = "User+CoreDataProperties.swift"; sourceTree = "<group>"; };
		F84D68901C4CEB6900EF8A16 /* User.swift */ = {isa = PBXFileReference; fileEncoding = 4; lastKnownFileType = sourcecode.swift; path = User.swift; sourceTree = "<group>"; };
		F84D68921C4CEB6900EF8A16 /* ContactsFetcherIOS9.swift */ = {isa = PBXFileReference; fileEncoding = 4; lastKnownFileType = sourcecode.swift; path = ContactsFetcherIOS9.swift; sourceTree = "<group>"; };
		F84D68931C4CEB6900EF8A16 /* ContactsFetcherPreIOS9.swift */ = {isa = PBXFileReference; fileEncoding = 4; lastKnownFileType = sourcecode.swift; path = ContactsFetcherPreIOS9.swift; sourceTree = "<group>"; };
		F84D68941C4CEB6900EF8A16 /* ContactsHandler.swift */ = {isa = PBXFileReference; fileEncoding = 4; lastKnownFileType = sourcecode.swift; path = ContactsHandler.swift; sourceTree = "<group>"; };
		F84D68951C4CEB6900EF8A16 /* ContactsHandlerDelegate.swift */ = {isa = PBXFileReference; fileEncoding = 4; lastKnownFileType = sourcecode.swift; path = ContactsHandlerDelegate.swift; sourceTree = "<group>"; };
		F84D68961C4CEB6900EF8A16 /* DeviceContact+Extension.swift */ = {isa = PBXFileReference; fileEncoding = 4; lastKnownFileType = sourcecode.swift; path = "DeviceContact+Extension.swift"; sourceTree = "<group>"; };
		F84D68971C4CEB6900EF8A16 /* DeviceContact.swift */ = {isa = PBXFileReference; fileEncoding = 4; lastKnownFileType = sourcecode.swift; path = DeviceContact.swift; sourceTree = "<group>"; };
		F84D68981C4CEB6900EF8A16 /* DeviceContactReading.swift */ = {isa = PBXFileReference; fileEncoding = 4; lastKnownFileType = sourcecode.swift; path = DeviceContactReading.swift; sourceTree = "<group>"; };
		F84D689A1C4CEB6900EF8A16 /* PhoneAndCloudAuthenticator.swift */ = {isa = PBXFileReference; fileEncoding = 4; lastKnownFileType = sourcecode.swift; path = PhoneAndCloudAuthenticator.swift; sourceTree = "<group>"; };
		F84D689B1C4CEB6900EF8A16 /* UserAuthenticationStatus.swift */ = {isa = PBXFileReference; fileEncoding = 4; lastKnownFileType = sourcecode.swift; path = UserAuthenticationStatus.swift; sourceTree = "<group>"; };
		F84D68A11C4CEB6900EF8A16 /* UserAuthenticating.swift */ = {isa = PBXFileReference; fileEncoding = 4; lastKnownFileType = sourcecode.swift; path = UserAuthenticating.swift; sourceTree = "<group>"; };
		F84D68A21C4CEB6900EF8A16 /* UserAuthenticatorDelegates.swift */ = {isa = PBXFileReference; fileEncoding = 4; lastKnownFileType = sourcecode.swift; path = UserAuthenticatorDelegates.swift; sourceTree = "<group>"; };
		F84D68A31C4CEB6900EF8A16 /* PublicFunctions.swift */ = {isa = PBXFileReference; fileEncoding = 4; lastKnownFileType = sourcecode.swift; path = PublicFunctions.swift; sourceTree = "<group>"; };
		F84D68A61C4CEB6900EF8A16 /* ContactCollectionViewCell.swift */ = {isa = PBXFileReference; fileEncoding = 4; lastKnownFileType = sourcecode.swift; path = ContactCollectionViewCell.swift; sourceTree = "<group>"; };
		F84D68A81C4CEB6900EF8A16 /* ContactsCollectionViewController.swift */ = {isa = PBXFileReference; fileEncoding = 4; lastKnownFileType = sourcecode.swift; path = ContactsCollectionViewController.swift; sourceTree = "<group>"; };
		F84D68AC1C4CEB6900EF8A16 /* TabBarViewController.swift */ = {isa = PBXFileReference; fileEncoding = 4; lastKnownFileType = sourcecode.swift; path = TabBarViewController.swift; sourceTree = "<group>"; };
		F84D68B11C4CEB6900EF8A16 /* BoardEditNavigationController.swift */ = {isa = PBXFileReference; fileEncoding = 4; lastKnownFileType = sourcecode.swift; path = BoardEditNavigationController.swift; sourceTree = "<group>"; };
		F84D68B31C4CEB6900EF8A16 /* BoardsHolder.swift */ = {isa = PBXFileReference; fileEncoding = 4; lastKnownFileType = sourcecode.swift; name = BoardsHolder.swift; path = ../ViewControllers/UserBoards/BoardsHolder.swift; sourceTree = "<group>"; };
		F84D68B41C4CEB6900EF8A16 /* BoardsTableViewController.swift */ = {isa = PBXFileReference; fileEncoding = 4; lastKnownFileType = sourcecode.swift; path = BoardsTableViewController.swift; sourceTree = "<group>"; };
		F84D68E71C4CEBA100EF8A16 /* LoginViewController.swift */ = {isa = PBXFileReference; fileEncoding = 4; lastKnownFileType = sourcecode.swift; path = LoginViewController.swift; sourceTree = "<group>"; };
		F84D68E91C4CEBD700EF8A16 /* TaskManager.entitlements */ = {isa = PBXFileReference; lastKnownFileType = text.xml; path = TaskManager.entitlements; sourceTree = "<group>"; };
		F84D68EA1C4CEBE300EF8A16 /* CloudKit.framework */ = {isa = PBXFileReference; lastKnownFileType = wrapper.framework; name = CloudKit.framework; path = System/Library/Frameworks/CloudKit.framework; sourceTree = SDKROOT; };
		F84D68F01C4CEDFB00EF8A16 /* Base */ = {isa = PBXFileReference; lastKnownFileType = file.storyboard; name = Base; path = Base.lproj/TaskManager.storyboard; sourceTree = "<group>"; };
		F84D68F21C4CF5D800EF8A16 /* LoginViewController+UserDelegateExtensions.swift */ = {isa = PBXFileReference; fileEncoding = 4; lastKnownFileType = sourcecode.swift; path = "LoginViewController+UserDelegateExtensions.swift"; sourceTree = "<group>"; };
		F84D68F41C4CF8DF00EF8A16 /* BoardEditViewController.swift */ = {isa = PBXFileReference; fileEncoding = 4; lastKnownFileType = sourcecode.swift; path = BoardEditViewController.swift; sourceTree = "<group>"; };
		F84D68F61C4CF8E700EF8A16 /* ContactProfileViewController.swift */ = {isa = PBXFileReference; fileEncoding = 4; lastKnownFileType = sourcecode.swift; path = ContactProfileViewController.swift; sourceTree = "<group>"; };
		F84D68FE1C4D230600EF8A16 /* PublicUserRecordHandling.swift */ = {isa = PBXFileReference; fileEncoding = 4; lastKnownFileType = sourcecode.swift; path = PublicUserRecordHandling.swift; sourceTree = "<group>"; };
		F84D69001C4D2D0500EF8A16 /* AppDelegateError.swift */ = {isa = PBXFileReference; fileEncoding = 4; lastKnownFileType = sourcecode.swift; path = AppDelegateError.swift; sourceTree = "<group>"; };
		F84D69061C4D3DF400EF8A16 /* BoardEditingHolder.swift */ = {isa = PBXFileReference; fileEncoding = 4; lastKnownFileType = sourcecode.swift; name = BoardEditingHolder.swift; path = TaskBoardWork/BoardEditingHolder.swift; sourceTree = "<group>"; };
		F84D69071C4D3DF400EF8A16 /* BoardEditingType.swift */ = {isa = PBXFileReference; fileEncoding = 4; lastKnownFileType = sourcecode.swift; name = BoardEditingType.swift; path = TaskBoardWork/BoardEditingType.swift; sourceTree = "<group>"; };
		F84DCD9F1C8723D200D42BA3 /* BoardDetailsHeaderDelegate.swift */ = {isa = PBXFileReference; fileEncoding = 4; lastKnownFileType = sourcecode.swift; path = BoardDetailsHeaderDelegate.swift; sourceTree = "<group>"; };
		F8547FCE1C7F0A4000296B45 /* TaskActionsView.xib */ = {isa = PBXFileReference; fileEncoding = 4; lastKnownFileType = file.xib; path = TaskActionsView.xib; sourceTree = "<group>"; };
		F8547FD01C7F0D9E00296B45 /* TaskActionsView.swift */ = {isa = PBXFileReference; fileEncoding = 4; lastKnownFileType = sourcecode.swift; path = TaskActionsView.swift; sourceTree = "<group>"; };
		F8547FD21C7F0F3900296B45 /* TaskActionsViewDelegate.swift */ = {isa = PBXFileReference; fileEncoding = 4; lastKnownFileType = sourcecode.swift; path = TaskActionsViewDelegate.swift; sourceTree = "<group>"; };
		F8547FD41C7F200E00296B45 /* TaskActionsSectionTitleHeader.swift */ = {isa = PBXFileReference; fileEncoding = 4; lastKnownFileType = sourcecode.swift; path = TaskActionsSectionTitleHeader.swift; sourceTree = "<group>"; };
		F8547FDC1C7F332800296B45 /* UIFont+Extension.swift */ = {isa = PBXFileReference; fileEncoding = 4; lastKnownFileType = sourcecode.swift; path = "UIFont+Extension.swift"; sourceTree = "<group>"; };
		F8547FDF1C7F343B00296B45 /* segoeui.ttf */ = {isa = PBXFileReference; lastKnownFileType = file; path = segoeui.ttf; sourceTree = "<group>"; };
		F8547FE01C7F343B00296B45 /* segoeuil.ttf */ = {isa = PBXFileReference; lastKnownFileType = file; path = segoeuil.ttf; sourceTree = "<group>"; };
		F8547FE11C7F343B00296B45 /* seguisb.ttf */ = {isa = PBXFileReference; lastKnownFileType = file; path = seguisb.ttf; sourceTree = "<group>"; };
		F8547FE51C7F407E00296B45 /* BoardsAnimatedHeader.xib */ = {isa = PBXFileReference; fileEncoding = 4; lastKnownFileType = file.xib; path = BoardsAnimatedHeader.xib; sourceTree = "<group>"; };
		F8547FE71C7F40E000296B45 /* TaskActionsSectionTitleHeader.xib */ = {isa = PBXFileReference; fileEncoding = 4; lastKnownFileType = file.xib; path = TaskActionsSectionTitleHeader.xib; sourceTree = "<group>"; };
		F855B53B1C6220B200894413 /* CloudKitRecordKeys.swift */ = {isa = PBXFileReference; fileEncoding = 4; lastKnownFileType = sourcecode.swift; path = CloudKitRecordKeys.swift; sourceTree = "<group>"; };
		F858B73E1C57CAC4003BF286 /* CloudRegisteredUsersOperation.swift */ = {isa = PBXFileReference; fileEncoding = 4; lastKnownFileType = sourcecode.swift; path = CloudRegisteredUsersOperation.swift; sourceTree = "<group>"; };
		F87D68031C4FE740003C5689 /* CloudKitResults.swift */ = {isa = PBXFileReference; fileEncoding = 4; lastKnownFileType = sourcecode.swift; path = CloudKitResults.swift; sourceTree = "<group>"; };
		F8832BBF1C4F9AF800D75FAE /* TaskEditType.swift */ = {isa = PBXFileReference; fileEncoding = 4; lastKnownFileType = sourcecode.swift; path = TaskEditType.swift; sourceTree = "<group>"; };
		F8832BC31C4FB64500D75FAE /* TaskErrors.swift */ = {isa = PBXFileReference; fileEncoding = 4; lastKnownFileType = sourcecode.swift; path = TaskErrors.swift; sourceTree = "<group>"; };
		F8832BC51C4FCDEC00D75FAE /* AddTaskTableViewCell.swift */ = {isa = PBXFileReference; fileEncoding = 4; lastKnownFileType = sourcecode.swift; path = AddTaskTableViewCell.swift; sourceTree = "<group>"; };
		F8832BC71C4FE1D200D75FAE /* CloudKitErrorParser.swift */ = {isa = PBXFileReference; fileEncoding = 4; lastKnownFileType = sourcecode.swift; path = CloudKitErrorParser.swift; sourceTree = "<group>"; };
		F884BC431C60AB1F0057539E /* DataSyncronizer.swift */ = {isa = PBXFileReference; fileEncoding = 4; lastKnownFileType = sourcecode.swift; path = DataSyncronizer.swift; sourceTree = "<group>"; };
		F884BC451C60CB960057539E /* BoardsTableViewController+ContactsHandlerDelegate.swift */ = {isa = PBXFileReference; fileEncoding = 4; lastKnownFileType = sourcecode.swift; path = "BoardsTableViewController+ContactsHandlerDelegate.swift"; sourceTree = "<group>"; };
		F884BC471C60DDF90057539E /* RecordIDStringIndexable.swift */ = {isa = PBXFileReference; fileEncoding = 4; lastKnownFileType = sourcecode.swift; path = RecordIDStringIndexable.swift; sourceTree = "<group>"; };
		F88669941C577A5200F56C0A /* BoardsTableViewCell.swift */ = {isa = PBXFileReference; fileEncoding = 4; lastKnownFileType = sourcecode.swift; path = BoardsTableViewCell.swift; sourceTree = "<group>"; };
		F88669961C5786D100F56C0A /* CoreDataManager.swift */ = {isa = PBXFileReference; fileEncoding = 4; lastKnownFileType = sourcecode.swift; path = CoreDataManager.swift; sourceTree = "<group>"; };
		F88669981C57997800F56C0A /* ContactsCollectionViewController+ContactsHandlerDelegate.swift */ = {isa = PBXFileReference; fileEncoding = 4; lastKnownFileType = sourcecode.swift; path = "ContactsCollectionViewController+ContactsHandlerDelegate.swift"; sourceTree = "<group>"; };
		F895CD4F1C5F63B100D08EE9 /* SubscriptionsHandler.swift */ = {isa = PBXFileReference; fileEncoding = 4; lastKnownFileType = sourcecode.swift; path = SubscriptionsHandler.swift; sourceTree = "<group>"; };
		F895CD511C5F791D00D08EE9 /* Extension+CKSubscriptionOptions.swift */ = {isa = PBXFileReference; fileEncoding = 4; lastKnownFileType = sourcecode.swift; path = "Extension+CKSubscriptionOptions.swift"; sourceTree = "<group>"; };
		F895CD531C5F8B7F00D08EE9 /* NotificationsHandler.swift */ = {isa = PBXFileReference; fileEncoding = 4; lastKnownFileType = sourcecode.swift; path = NotificationsHandler.swift; sourceTree = "<group>"; };
		F8AF1BB31C91B95C001EB2B5 /* ContactsTableViewController.swift */ = {isa = PBXFileReference; fileEncoding = 4; lastKnownFileType = sourcecode.swift; path = ContactsTableViewController.swift; sourceTree = "<group>"; };
		F8AF1BB51C91B9E5001EB2B5 /* ContactsListCell.swift */ = {isa = PBXFileReference; fileEncoding = 4; lastKnownFileType = sourcecode.swift; path = ContactsListCell.swift; sourceTree = "<group>"; };
		F8AF1BB71C91BF70001EB2B5 /* ContactsTableViewController + ContactsHandlerDelegate.swift */ = {isa = PBXFileReference; fileEncoding = 4; lastKnownFileType = sourcecode.swift; path = "ContactsTableViewController + ContactsHandlerDelegate.swift"; sourceTree = "<group>"; };
		F8AF1BBD1C91D165001EB2B5 /* ContactProfileViewController+ContactProfileHeaderDelegate.swift */ = {isa = PBXFileReference; fileEncoding = 4; lastKnownFileType = sourcecode.swift; path = "ContactProfileViewController+ContactProfileHeaderDelegate.swift"; sourceTree = "<group>"; };
		F8BFD4D61C807E7D008081C6 /* TaskActionsConfirmView.swift */ = {isa = PBXFileReference; fileEncoding = 4; lastKnownFileType = sourcecode.swift; path = TaskActionsConfirmView.swift; sourceTree = "<group>"; };
		F8BFD4D81C808E1E008081C6 /* TaskActionsConfirmView.xib */ = {isa = PBXFileReference; fileEncoding = 4; lastKnownFileType = file.xib; path = TaskActionsConfirmView.xib; sourceTree = "<group>"; };
		F8C231441C85D468003C600A /* ContactSelectableTableCell.swift */ = {isa = PBXFileReference; fileEncoding = 4; lastKnownFileType = sourcecode.swift; path = ContactSelectableTableCell.swift; sourceTree = "<group>"; };
		F8C231461C85D63E003C600A /* RadioCheckbox.swift */ = {isa = PBXFileReference; fileEncoding = 4; lastKnownFileType = sourcecode.swift; path = RadioCheckbox.swift; sourceTree = "<group>"; };
		F8C231481C85D85A003C600A /* RadioCheckbox.xib */ = {isa = PBXFileReference; fileEncoding = 4; lastKnownFileType = file.xib; path = RadioCheckbox.xib; sourceTree = "<group>"; };
		F8C2314F1C85EB2D003C600A /* ContactSelectableTableCell.xib */ = {isa = PBXFileReference; fileEncoding = 4; lastKnownFileType = file.xib; path = ContactSelectableTableCell.xib; sourceTree = "<group>"; };
		F8DD67571C5A0EB300258E44 /* Extensions+NSDate.swift */ = {isa = PBXFileReference; fileEncoding = 4; lastKnownFileType = sourcecode.swift; path = "Extensions+NSDate.swift"; sourceTree = "<group>"; };
		F8DD675D1C5A15C500258E44 /* BoardDetailsHeader.swift */ = {isa = PBXFileReference; fileEncoding = 4; lastKnownFileType = sourcecode.swift; path = BoardDetailsHeader.swift; sourceTree = "<group>"; };
		F8DD675F1C5A15ED00258E44 /* BoardDetailsHeader.xib */ = {isa = PBXFileReference; fileEncoding = 4; lastKnownFileType = file.xib; path = BoardDetailsHeader.xib; sourceTree = "<group>"; };
		F8E4DFE41C649CBD008E4F49 /* TempTaskInfo.swift */ = {isa = PBXFileReference; fileEncoding = 4; lastKnownFileType = sourcecode.swift; path = TempTaskInfo.swift; sourceTree = "<group>"; };
		F8F8B25B1C7DBAB7007A6F7D /* UIColor+Extensions.swift */ = {isa = PBXFileReference; fileEncoding = 4; lastKnownFileType = sourcecode.swift; path = "UIColor+Extensions.swift"; sourceTree = "<group>"; };
		F8F8B25D1C7DC67F007A6F7D /* BoardsAnimatedHeader.swift */ = {isa = PBXFileReference; fileEncoding = 4; lastKnownFileType = sourcecode.swift; path = BoardsAnimatedHeader.swift; sourceTree = "<group>"; };
		F8FA973B1C733F5700727282 /* BoardsHeaderViewDelegate.swift */ = {isa = PBXFileReference; fileEncoding = 4; lastKnownFileType = sourcecode.swift; path = BoardsHeaderViewDelegate.swift; sourceTree = "<group>"; };
		F8FA973D1C733F8900727282 /* BoardsTableViewController+BoardsHeaderViewDelegate.swift */ = {isa = PBXFileReference; fileEncoding = 4; lastKnownFileType = sourcecode.swift; path = "BoardsTableViewController+BoardsHeaderViewDelegate.swift"; sourceTree = "<group>"; };
/* End PBXFileReference section */

/* Begin PBXFrameworksBuildPhase section */
		F84D685F1C4CEB2E00EF8A16 /* Frameworks */ = {
			isa = PBXFrameworksBuildPhase;
			buildActionMask = 2147483647;
			files = (
				F84D68BE1C4CEB6900EF8A16 /* DigitsKit.framework in Frameworks */,
				F84D68EB1C4CEBE300EF8A16 /* CloudKit.framework in Frameworks */,
				F84D68C11C4CEB6900EF8A16 /* TwitterCore.framework in Frameworks */,
				F84D68C01C4CEB6900EF8A16 /* Fabric.framework in Frameworks */,
				CDD0B8B4BBD933628DCC37D3 /* Pods.framework in Frameworks */,
			);
			runOnlyForDeploymentPostprocessing = 0;
		};
/* End PBXFrameworksBuildPhase section */

/* Begin PBXGroup section */
		98CD65758D5BFCB13C685006 /* Pods */ = {
			isa = PBXGroup;
			children = (
				8452BECF58B322F3647C4245 /* Pods.debug.xcconfig */,
				B905EBAA48E071546628AED8 /* Pods.release.xcconfig */,
			);
			name = Pods;
			sourceTree = "<group>";
		};
		F81954D71C565640007D15E8 /* iCloudUserPreferences */ = {
			isa = PBXGroup;
			children = (
				F81954D81C565669007D15E8 /* UserCloudPreferencesHandler.swift */,
			);
			path = iCloudUserPreferences;
			sourceTree = "<group>";
		};
		F83B7D281C6CB63800A24A56 /* CustomViews */ = {
			isa = PBXGroup;
			children = (
				F83B7D291C6CB67600A24A56 /* FloatingButtonHolder.swift */,
				F83D66681C7B4D72007E67E7 /* ActionController.swift */,
				F83D66691C7B4D72007E67E7 /* ActionController.xib */,
				F8C231461C85D63E003C600A /* RadioCheckbox.swift */,
				F8C231481C85D85A003C600A /* RadioCheckbox.xib */,
			);
			path = CustomViews;
			sourceTree = "<group>";
		};
		F84B4D701C4E71AB0013D7F1 /* TaskEdit */ = {
			isa = PBXGroup;
			children = (
				F84B4D731C4E720E0013D7F1 /* TaskEditNavigationController.swift */,
				F84B4D711C4E71C60013D7F1 /* TaskEditViewController.swift */,
			);
			path = TaskEdit;
			sourceTree = "<group>";
		};
		F84CAD0D1C5624D500BC2ECC /* UserProfile */ = {
			isa = PBXGroup;
			children = (
				F84CAD0E1C5624F000BC2ECC /* UserProfileViewController.swift */,
				F84CAD191C5635E000BC2ECC /* UserProfileViewController+UserProfileHeaderDelegate.swift */,
				F84CAD1B1C56363D00BC2ECC /* UserProfileViewController+UIImagePickerControllerDelegate.swift */,
			);
			path = UserProfile;
			sourceTree = "<group>";
		};
		F84D68591C4CEB2E00EF8A16 = {
			isa = PBXGroup;
			children = (
				F84D68641C4CEB2E00EF8A16 /* TaskManager */,
				F84D68821C4CEB6900EF8A16 /* Frameworks */,
				F84D68631C4CEB2E00EF8A16 /* Products */,
				98CD65758D5BFCB13C685006 /* Pods */,
			);
			sourceTree = "<group>";
		};
		F84D68631C4CEB2E00EF8A16 /* Products */ = {
			isa = PBXGroup;
			children = (
				F84D68621C4CEB2E00EF8A16 /* TaskManager.app */,
			);
			name = Products;
			sourceTree = "<group>";
		};
		F84D68641C4CEB2E00EF8A16 /* TaskManager */ = {
			isa = PBXGroup;
			children = (
				F84D68E91C4CEBD700EF8A16 /* TaskManager.entitlements */,
				F84D68651C4CEB2E00EF8A16 /* AppDelegate.swift */,
				F84D68A31C4CEB6900EF8A16 /* PublicFunctions.swift */,
				F81954D71C565640007D15E8 /* iCloudUserPreferences */,
				F84D68771C4CEB6900EF8A16 /* CloudKit */,
				F84D687D1C4CEB6900EF8A16 /* Errors */,
				F84D68801C4CEB6900EF8A16 /* Extensions */,
				F84D68871C4CEB6900EF8A16 /* Model */,
				F84D689C1C4CEB6900EF8A16 /* Protocols */,
				F83B7D281C6CB63800A24A56 /* CustomViews */,
				F84D68A41C4CEB6900EF8A16 /* ViewControllers */,
				F84D686C1C4CEB2E00EF8A16 /* Assets.xcassets */,
				F84D686E1C4CEB2E00EF8A16 /* LaunchScreen.storyboard */,
				F84D68EF1C4CEDFB00EF8A16 /* TaskManager.storyboard */,
				F84CAD131C562AF700BC2ECC /* UserProfileHeader.swift */,
				F84CAD111C5628D400BC2ECC /* UserProfileHeader.xib */,
				F8DD675D1C5A15C500258E44 /* BoardDetailsHeader.swift */,
				F8DD675F1C5A15ED00258E44 /* BoardDetailsHeader.xib */,
				F8F8B25D1C7DC67F007A6F7D /* BoardsAnimatedHeader.swift */,
				F8547FE51C7F407E00296B45 /* BoardsAnimatedHeader.xib */,
				F8547FD01C7F0D9E00296B45 /* TaskActionsView.swift */,
				F8547FCE1C7F0A4000296B45 /* TaskActionsView.xib */,
				F8547FD41C7F200E00296B45 /* TaskActionsSectionTitleHeader.swift */,
				F8547FE71C7F40E000296B45 /* TaskActionsSectionTitleHeader.xib */,
				F8BFD4D61C807E7D008081C6 /* TaskActionsConfirmView.swift */,
				F8BFD4D81C808E1E008081C6 /* TaskActionsConfirmView.xib */,
				F8547FDE1C7F343B00296B45 /* CustomFonts */,
				F84D68711C4CEB2E00EF8A16 /* Info.plist */,
			);
			path = TaskManager;
			sourceTree = "<group>";
		};
		F84D68771C4CEB6900EF8A16 /* CloudKit */ = {
			isa = PBXGroup;
			children = (
				F81985B61C8854DD009D1E92 /* Reachability.swift */,
				F84D68781C4CEB6900EF8A16 /* CloudKitDatabaseHandler.swift */,
				F84D68791C4CEB6900EF8A16 /* CloudRecordTypes.swift */,
				F8832BC71C4FE1D200D75FAE /* CloudKitErrorParser.swift */,
				F87D68031C4FE740003C5689 /* CloudKitResults.swift */,
				F855B53B1C6220B200894413 /* CloudKitRecordKeys.swift */,
			);
			path = CloudKit;
			sourceTree = "<group>";
		};
		F84D687D1C4CEB6900EF8A16 /* Errors */ = {
			isa = PBXGroup;
			children = (
				F84D687E1C4CEB6900EF8A16 /* ErrorContacts.swift */,
				F84D687F1C4CEB6900EF8A16 /* ErrorTaskBoard.swift */,
				F83D16021C4F825100E46E43 /* UserErrors.swift */,
				F8832BC31C4FB64500D75FAE /* TaskErrors.swift */,
				F84D69001C4D2D0500EF8A16 /* AppDelegateError.swift */,
			);
			path = Errors;
			sourceTree = "<group>";
		};
		F84D68801C4CEB6900EF8A16 /* Extensions */ = {
			isa = PBXGroup;
			children = (
				F84D68811C4CEB6900EF8A16 /* Extensions-UIViewController.swift */,
				F82755CE1C58F804005A1964 /* Extensions+String.swift */,
				F8DD67571C5A0EB300258E44 /* Extensions+NSDate.swift */,
				F84B51731C5A1A010041A248 /* Extensions+UIImage.swift */,
				F895CD511C5F791D00D08EE9 /* Extension+CKSubscriptionOptions.swift */,
				F83B7D2B1C6CBAD000A24A56 /* UIView+Extensions.swift */,
				F8F8B25B1C7DBAB7007A6F7D /* UIColor+Extensions.swift */,
				F8547FDC1C7F332800296B45 /* UIFont+Extension.swift */,
			);
			path = Extensions;
			sourceTree = "<group>";
		};
		F84D68821C4CEB6900EF8A16 /* Frameworks */ = {
			isa = PBXGroup;
			children = (
				F84D68EA1C4CEBE300EF8A16 /* CloudKit.framework */,
				F84D68831C4CEB6900EF8A16 /* DigitsKit.framework */,
				F84D68841C4CEB6900EF8A16 /* DigitsKitResources.bundle */,
				F84D68851C4CEB6900EF8A16 /* Fabric.framework */,
				F84D68861C4CEB6900EF8A16 /* TwitterCore.framework */,
				6DBADABF801DE9AB814CD0EB /* Pods.framework */,
			);
			name = Frameworks;
			path = TaskManager/Frameworks;
			sourceTree = "<group>";
		};
		F84D68871C4CEB6900EF8A16 /* Model */ = {
			isa = PBXGroup;
			children = (
				F858B73D1C57CAAD003BF286 /* NSOperationSubclasses */,
				F84D69061C4D3DF400EF8A16 /* BoardEditingHolder.swift */,
				F84D69071C4D3DF400EF8A16 /* BoardEditingType.swift */,
				F8832BBF1C4F9AF800D75FAE /* TaskEditType.swift */,
				F84D68B31C4CEB6900EF8A16 /* BoardsHolder.swift */,
				F84B4D681C4E69240013D7F1 /* TasksHolder.swift */,
				F884BC431C60AB1F0057539E /* DataSyncronizer.swift */,
				F895CD4E1C5F63A100D08EE9 /* SubscriptionsHandling */,
				F84D68881C4CEB6900EF8A16 /* CoreData */,
				F84D68911C4CEB6900EF8A16 /* PhoneContactsHandling */,
				F84D68991C4CEB6900EF8A16 /* UserAuthentication */,
				F84CAD151C562E0600BC2ECC /* DocumentsFolderFileHandler.swift */,
				F84CAD1D1C563F9300BC2ECC /* UserDefaultsManager.swift */,
				F84CAD1F1C563FEB00BC2ECC /* UserDefalutKeys.swift */,
				F8E4DFE41C649CBD008E4F49 /* TempTaskInfo.swift */,
			);
			path = Model;
			sourceTree = "<group>";
		};
		F84D68881C4CEB6900EF8A16 /* CoreData */ = {
			isa = PBXGroup;
			children = (
				F88669961C5786D100F56C0A /* CoreDataManager.swift */,
				F84D688D1C4CEB6900EF8A16 /* TasksHandlerDataModel.xcdatamodeld */,
				F84D68891C4CEB6900EF8A16 /* Board+CoreDataProperties.swift */,
				F84D688A1C4CEB6900EF8A16 /* Board.swift */,
				F84D688B1C4CEB6900EF8A16 /* Task+CoreDataProperties.swift */,
				F84D688C1C4CEB6900EF8A16 /* Task.swift */,
				F84D688F1C4CEB6900EF8A16 /* User+CoreDataProperties.swift */,
				F84D68901C4CEB6900EF8A16 /* User.swift */,
			);
			path = CoreData;
			sourceTree = "<group>";
		};
		F84D68911C4CEB6900EF8A16 /* PhoneContactsHandling */ = {
			isa = PBXGroup;
			children = (
				F84D68921C4CEB6900EF8A16 /* ContactsFetcherIOS9.swift */,
				F84D68931C4CEB6900EF8A16 /* ContactsFetcherPreIOS9.swift */,
				F84D68941C4CEB6900EF8A16 /* ContactsHandler.swift */,
				F84D68951C4CEB6900EF8A16 /* ContactsHandlerDelegate.swift */,
				F84D68961C4CEB6900EF8A16 /* DeviceContact+Extension.swift */,
				F84D68971C4CEB6900EF8A16 /* DeviceContact.swift */,
				F84D68981C4CEB6900EF8A16 /* DeviceContactReading.swift */,
			);
			path = PhoneContactsHandling;
			sourceTree = "<group>";
		};
		F84D68991C4CEB6900EF8A16 /* UserAuthentication */ = {
			isa = PBXGroup;
			children = (
				F84D689A1C4CEB6900EF8A16 /* PhoneAndCloudAuthenticator.swift */,
				F84D689B1C4CEB6900EF8A16 /* UserAuthenticationStatus.swift */,
			);
			path = UserAuthentication;
			sourceTree = "<group>";
		};
		F84D689C1C4CEB6900EF8A16 /* Protocols */ = {
			isa = PBXGroup;
			children = (
				F84CAD171C56339600BC2ECC /* UserProfileHeaderDelegate.swift */,
				F8067C491C60F9A800782E63 /* DisplayNameCapable.swift */,
				F8067C411C60F34000782E63 /* BoardsHolderDelegate.swift */,
				F8067C4B1C60FAF200782E63 /* TasksHolderDelegate.swift */,
				F80191BD1C50F3E30007D2AF /* SortableByIndex.swift */,
				F80191BF1C50F94D0007D2AF /* RecordIdIndexable.swift */,
				F84D68A11C4CEB6900EF8A16 /* UserAuthenticating.swift */,
				F84D68FE1C4D230600EF8A16 /* PublicUserRecordHandling.swift */,
				F84D68A21C4CEB6900EF8A16 /* UserAuthenticatorDelegates.swift */,
				F884BC471C60DDF90057539E /* RecordIDStringIndexable.swift */,
				F8FA973B1C733F5700727282 /* BoardsHeaderViewDelegate.swift */,
				F8547FD21C7F0F3900296B45 /* TaskActionsViewDelegate.swift */,
				F84DCD9F1C8723D200D42BA3 /* BoardDetailsHeaderDelegate.swift */,
			);
			path = Protocols;
			sourceTree = "<group>";
		};
		F84D68A41C4CEB6900EF8A16 /* ViewControllers */ = {
			isa = PBXGroup;
			children = (
				F84D68AC1C4CEB6900EF8A16 /* TabBarViewController.swift */,
				F84CAD0D1C5624D500BC2ECC /* UserProfile */,
				F84D68E61C4CEB8F00EF8A16 /* LoginAndRegistration */,
				F84D68A51C4CEB6900EF8A16 /* Contacts */,
				F84D68AD1C4CEB6900EF8A16 /* UserBoards */,
				F84D68B51C4CEB6900EF8A16 /* UserTasks */,
			);
			path = ViewControllers;
			sourceTree = "<group>";
		};
		F84D68A51C4CEB6900EF8A16 /* Contacts */ = {
			isa = PBXGroup;
			children = (
				F84D68A61C4CEB6900EF8A16 /* ContactCollectionViewCell.swift */,
				F84D68A81C4CEB6900EF8A16 /* ContactsCollectionViewController.swift */,
				F88669981C57997800F56C0A /* ContactsCollectionViewController+ContactsHandlerDelegate.swift */,
				F84D68F61C4CF8E700EF8A16 /* ContactProfileViewController.swift */,
				F8AF1BBD1C91D165001EB2B5 /* ContactProfileViewController+ContactProfileHeaderDelegate.swift */,
				F8C231441C85D468003C600A /* ContactSelectableTableCell.swift */,
				F8C2314F1C85EB2D003C600A /* ContactSelectableTableCell.xib */,
				F8AF1BB31C91B95C001EB2B5 /* ContactsTableViewController.swift */,
				F8AF1BB71C91BF70001EB2B5 /* ContactsTableViewController + ContactsHandlerDelegate.swift */,
				F8AF1BB51C91B9E5001EB2B5 /* ContactsListCell.swift */,
			);
			path = Contacts;
			sourceTree = "<group>";
		};
		F84D68AD1C4CEB6900EF8A16 /* UserBoards */ = {
			isa = PBXGroup;
			children = (
				F84D68AE1C4CEB6900EF8A16 /* BoardEdit */,
				F84D68B41C4CEB6900EF8A16 /* BoardsTableViewController.swift */,
				F884BC451C60CB960057539E /* BoardsTableViewController+ContactsHandlerDelegate.swift */,
				F8067C431C60F38300782E63 /* BoardsTableViewController+BoardsHolderDelegate.swift */,
				F8FA973D1C733F8900727282 /* BoardsTableViewController+BoardsHeaderViewDelegate.swift */,
				F88669941C577A5200F56C0A /* BoardsTableViewCell.swift */,
			);
			path = UserBoards;
			sourceTree = "<group>";
		};
		F84D68AE1C4CEB6900EF8A16 /* BoardEdit */ = {
			isa = PBXGroup;
			children = (
				F84D68B11C4CEB6900EF8A16 /* BoardEditNavigationController.swift */,
				F84D68F41C4CF8DF00EF8A16 /* BoardEditViewController.swift */,
			);
			path = BoardEdit;
			sourceTree = "<group>";
		};
		F84D68B51C4CEB6900EF8A16 /* UserTasks */ = {
			isa = PBXGroup;
			children = (
				F84B4D701C4E71AB0013D7F1 /* TaskEdit */,
				F84B4D641C4E66C70013D7F1 /* TasksViewController.swift */,
				F8067C4D1C61098A00782E63 /* TasksViewController+TasksHolderDelegate.swift */,
				F8832BC51C4FCDEC00D75FAE /* AddTaskTableViewCell.swift */,
				F8386A2C1C5B6A0B00C298A5 /* TaskTableViewCell.swift */,
			);
			path = UserTasks;
			sourceTree = "<group>";
		};
		F84D68E61C4CEB8F00EF8A16 /* LoginAndRegistration */ = {
			isa = PBXGroup;
			children = (
				F84D68E71C4CEBA100EF8A16 /* LoginViewController.swift */,
				F84D68F21C4CF5D800EF8A16 /* LoginViewController+UserDelegateExtensions.swift */,
			);
			path = LoginAndRegistration;
			sourceTree = "<group>";
		};
		F8547FDE1C7F343B00296B45 /* CustomFonts */ = {
			isa = PBXGroup;
			children = (
				F8547FDF1C7F343B00296B45 /* segoeui.ttf */,
				F8547FE01C7F343B00296B45 /* segoeuil.ttf */,
				F8547FE11C7F343B00296B45 /* seguisb.ttf */,
			);
			path = CustomFonts;
			sourceTree = "<group>";
		};
		F858B73D1C57CAAD003BF286 /* NSOperationSubclasses */ = {
			isa = PBXGroup;
			children = (
				F858B73E1C57CAC4003BF286 /* CloudRegisteredUsersOperation.swift */,
			);
			path = NSOperationSubclasses;
			sourceTree = "<group>";
		};
		F895CD4E1C5F63A100D08EE9 /* SubscriptionsHandling */ = {
			isa = PBXGroup;
			children = (
				F895CD4F1C5F63B100D08EE9 /* SubscriptionsHandler.swift */,
				F895CD531C5F8B7F00D08EE9 /* NotificationsHandler.swift */,
			);
			path = SubscriptionsHandling;
			sourceTree = "<group>";
		};
/* End PBXGroup section */

/* Begin PBXNativeTarget section */
		F84D68611C4CEB2E00EF8A16 /* TaskManager */ = {
			isa = PBXNativeTarget;
			buildConfigurationList = F84D68741C4CEB2E00EF8A16 /* Build configuration list for PBXNativeTarget "TaskManager" */;
			buildPhases = (
				5DCBA4AB5E1AF0A30813E541 /* Check Pods Manifest.lock */,
				F84D685E1C4CEB2E00EF8A16 /* Sources */,
				F84D685F1C4CEB2E00EF8A16 /* Frameworks */,
				F84D68601C4CEB2E00EF8A16 /* Resources */,
				062D0544512849934D203C2A /* Embed Pods Frameworks */,
				798C9AB10166D6A25E458215 /* Copy Pods Resources */,
				F88825C91C59344D00C219A1 /* ShellScript */,
			);
			buildRules = (
			);
			dependencies = (
			);
			name = TaskManager;
			productName = TaskManager;
			productReference = F84D68621C4CEB2E00EF8A16 /* TaskManager.app */;
			productType = "com.apple.product-type.application";
		};
/* End PBXNativeTarget section */

/* Begin PBXProject section */
		F84D685A1C4CEB2E00EF8A16 /* Project object */ = {
			isa = PBXProject;
			attributes = {
				LastSwiftUpdateCheck = 0720;
				LastUpgradeCheck = 0720;
				ORGANIZATIONNAME = CloudCraft;
				TargetAttributes = {
					F84D68611C4CEB2E00EF8A16 = {
						CreatedOnToolsVersion = 7.2;
						DevelopmentTeam = XD42YSD8LL;
						SystemCapabilities = {
							com.apple.Push = {
								enabled = 1;
							};
							com.apple.iCloud = {
								enabled = 1;
							};
						};
					};
				};
			};
			buildConfigurationList = F84D685D1C4CEB2E00EF8A16 /* Build configuration list for PBXProject "TaskManager" */;
			compatibilityVersion = "Xcode 3.2";
			developmentRegion = English;
			hasScannedForEncodings = 0;
			knownRegions = (
				en,
				Base,
			);
			mainGroup = F84D68591C4CEB2E00EF8A16;
			productRefGroup = F84D68631C4CEB2E00EF8A16 /* Products */;
			projectDirPath = "";
			projectRoot = "";
			targets = (
				F84D68611C4CEB2E00EF8A16 /* TaskManager */,
			);
		};
/* End PBXProject section */

/* Begin PBXResourcesBuildPhase section */
		F84D68601C4CEB2E00EF8A16 /* Resources */ = {
			isa = PBXResourcesBuildPhase;
			buildActionMask = 2147483647;
			files = (
				F8C231491C85D85A003C600A /* RadioCheckbox.xib in Resources */,
				F8547FE41C7F343B00296B45 /* seguisb.ttf in Resources */,
				F84D68BF1C4CEB6900EF8A16 /* DigitsKitResources.bundle in Resources */,
				F8BFD4D91C808E1E008081C6 /* TaskActionsConfirmView.xib in Resources */,
				F84D68701C4CEB2E00EF8A16 /* LaunchScreen.storyboard in Resources */,
				F8547FE81C7F40E000296B45 /* TaskActionsSectionTitleHeader.xib in Resources */,
				F84D686D1C4CEB2E00EF8A16 /* Assets.xcassets in Resources */,
				F84CAD121C5628D400BC2ECC /* UserProfileHeader.xib in Resources */,
				F8547FE61C7F407E00296B45 /* BoardsAnimatedHeader.xib in Resources */,
				F8547FE31C7F343B00296B45 /* segoeuil.ttf in Resources */,
				F8DD67601C5A15ED00258E44 /* BoardDetailsHeader.xib in Resources */,
				F8C231511C85EB2D003C600A /* ContactSelectableTableCell.xib in Resources */,
				F8547FE21C7F343B00296B45 /* segoeui.ttf in Resources */,
				F8547FCF1C7F0A4000296B45 /* TaskActionsView.xib in Resources */,
				F84D68F11C4CEDFB00EF8A16 /* TaskManager.storyboard in Resources */,
				F83D666B1C7B4D72007E67E7 /* ActionController.xib in Resources */,
			);
			runOnlyForDeploymentPostprocessing = 0;
		};
/* End PBXResourcesBuildPhase section */

/* Begin PBXShellScriptBuildPhase section */
		062D0544512849934D203C2A /* Embed Pods Frameworks */ = {
			isa = PBXShellScriptBuildPhase;
			buildActionMask = 2147483647;
			files = (
			);
			inputPaths = (
			);
			name = "Embed Pods Frameworks";
			outputPaths = (
			);
			runOnlyForDeploymentPostprocessing = 0;
			shellPath = /bin/sh;
			shellScript = "\"${SRCROOT}/Pods/Target Support Files/Pods/Pods-frameworks.sh\"\n";
			showEnvVarsInLog = 0;
		};
		5DCBA4AB5E1AF0A30813E541 /* Check Pods Manifest.lock */ = {
			isa = PBXShellScriptBuildPhase;
			buildActionMask = 2147483647;
			files = (
			);
			inputPaths = (
			);
			name = "Check Pods Manifest.lock";
			outputPaths = (
			);
			runOnlyForDeploymentPostprocessing = 0;
			shellPath = /bin/sh;
			shellScript = "diff \"${PODS_ROOT}/../Podfile.lock\" \"${PODS_ROOT}/Manifest.lock\" > /dev/null\nif [[ $? != 0 ]] ; then\n    cat << EOM\nerror: The sandbox is not in sync with the Podfile.lock. Run 'pod install' or update your CocoaPods installation.\nEOM\n    exit 1\nfi\n";
			showEnvVarsInLog = 0;
		};
		798C9AB10166D6A25E458215 /* Copy Pods Resources */ = {
			isa = PBXShellScriptBuildPhase;
			buildActionMask = 2147483647;
			files = (
			);
			inputPaths = (
			);
			name = "Copy Pods Resources";
			outputPaths = (
			);
			runOnlyForDeploymentPostprocessing = 0;
			shellPath = /bin/sh;
			shellScript = "\"${SRCROOT}/Pods/Target Support Files/Pods/Pods-resources.sh\"\n";
			showEnvVarsInLog = 0;
		};
		F88825C91C59344D00C219A1 /* ShellScript */ = {
			isa = PBXShellScriptBuildPhase;
			buildActionMask = 2147483647;
			files = (
			);
			inputPaths = (
			);
			outputPaths = (
			);
			runOnlyForDeploymentPostprocessing = 0;
			shellPath = /bin/sh;
			shellScript = "\"${PODS_ROOT}/Fabric/run\" 6743d6151349cd513f3a6f7d06117e3e822d2657 8dc250a4f555b9b2c6e6384d10bb15914580e5a9881c07739441ec05e5245e6f";
		};
/* End PBXShellScriptBuildPhase section */

/* Begin PBXSourcesBuildPhase section */
		F84D685E1C4CEB2E00EF8A16 /* Sources */ = {
			isa = PBXSourcesBuildPhase;
			buildActionMask = 2147483647;
			files = (
				F8547FD51C7F200E00296B45 /* TaskActionsSectionTitleHeader.swift in Sources */,
				F84D68D91C4CEB6900EF8A16 /* ContactCollectionViewCell.swift in Sources */,
				F84D68F31C4CF5D800EF8A16 /* LoginViewController+UserDelegateExtensions.swift in Sources */,
				F84D68B71C4CEB6900EF8A16 /* CloudRecordTypes.swift in Sources */,
				F8386A2D1C5B6A0B00C298A5 /* TaskTableViewCell.swift in Sources */,
				F84D68C71C4CEB6900EF8A16 /* User+CoreDataProperties.swift in Sources */,
				F8DD67581C5A0EB300258E44 /* Extensions+NSDate.swift in Sources */,
				F84CAD1A1C5635E000BC2ECC /* UserProfileViewController+UserProfileHeaderDelegate.swift in Sources */,
				F8832BC61C4FCDEC00D75FAE /* AddTaskTableViewCell.swift in Sources */,
				F84D68CF1C4CEB6900EF8A16 /* DeviceContactReading.swift in Sources */,
				F84D68CE1C4CEB6900EF8A16 /* DeviceContact.swift in Sources */,
				F81954D91C565669007D15E8 /* UserCloudPreferencesHandler.swift in Sources */,
				F83D666A1C7B4D72007E67E7 /* ActionController.swift in Sources */,
				F84B4D691C4E69240013D7F1 /* TasksHolder.swift in Sources */,
				F80191C01C50F94D0007D2AF /* RecordIdIndexable.swift in Sources */,
				F84D68DF1C4CEB6900EF8A16 /* TabBarViewController.swift in Sources */,
				F8C231451C85D468003C600A /* ContactSelectableTableCell.swift in Sources */,
				F84D68D61C4CEB6900EF8A16 /* UserAuthenticating.swift in Sources */,
				F84D68FF1C4D230600EF8A16 /* PublicUserRecordHandling.swift in Sources */,
				F84D68C31C4CEB6900EF8A16 /* Board.swift in Sources */,
				F8F8B25C1C7DBAB7007A6F7D /* UIColor+Extensions.swift in Sources */,
				F87D68041C4FE740003C5689 /* CloudKitResults.swift in Sources */,
				F8832BC01C4F9AF800D75FAE /* TaskEditType.swift in Sources */,
				F84CAD181C56339600BC2ECC /* UserProfileHeaderDelegate.swift in Sources */,
				F884BC441C60AB1F0057539E /* DataSyncronizer.swift in Sources */,
				F84B4D721C4E71C60013D7F1 /* TaskEditViewController.swift in Sources */,
				F8AF1BB41C91B95C001EB2B5 /* ContactsTableViewController.swift in Sources */,
				F84D68CD1C4CEB6900EF8A16 /* DeviceContact+Extension.swift in Sources */,
				F84D68E21C4CEB6900EF8A16 /* BoardEditNavigationController.swift in Sources */,
				F81985B71C8854DD009D1E92 /* Reachability.swift in Sources */,
				F84D69091C4D3DF400EF8A16 /* BoardEditingType.swift in Sources */,
				F88669971C5786D100F56C0A /* CoreDataManager.swift in Sources */,
				F895CD501C5F63B100D08EE9 /* SubscriptionsHandler.swift in Sources */,
				F8DD675E1C5A15C500258E44 /* BoardDetailsHeader.swift in Sources */,
				F8AF1BBE1C91D165001EB2B5 /* ContactProfileViewController+ContactProfileHeaderDelegate.swift in Sources */,
				F84CAD161C562E0600BC2ECC /* DocumentsFolderFileHandler.swift in Sources */,
				F84D68BD1C4CEB6900EF8A16 /* Extensions-UIViewController.swift in Sources */,
				F84D68C81C4CEB6900EF8A16 /* User.swift in Sources */,
				F84D68D01C4CEB6900EF8A16 /* PhoneAndCloudAuthenticator.swift in Sources */,
				F855B53C1C6220B200894413 /* CloudKitRecordKeys.swift in Sources */,
				F8067C4C1C60FAF200782E63 /* TasksHolderDelegate.swift in Sources */,
				F84D68DB1C4CEB6900EF8A16 /* ContactsCollectionViewController.swift in Sources */,
				F83D16031C4F825100E46E43 /* UserErrors.swift in Sources */,
				F8547FD31C7F0F3900296B45 /* TaskActionsViewDelegate.swift in Sources */,
				F84D68D71C4CEB6900EF8A16 /* UserAuthenticatorDelegates.swift in Sources */,
				F895CD521C5F791D00D08EE9 /* Extension+CKSubscriptionOptions.swift in Sources */,
				F895CD541C5F8B7F00D08EE9 /* NotificationsHandler.swift in Sources */,
				F8FA973C1C733F5700727282 /* BoardsHeaderViewDelegate.swift in Sources */,
				F84D68CB1C4CEB6900EF8A16 /* ContactsHandler.swift in Sources */,
				F8547FD11C7F0D9E00296B45 /* TaskActionsView.swift in Sources */,
				F8E4DFE51C649CBD008E4F49 /* TempTaskInfo.swift in Sources */,
				F84D68C21C4CEB6900EF8A16 /* Board+CoreDataProperties.swift in Sources */,
				F83B7D2C1C6CBAD000A24A56 /* UIView+Extensions.swift in Sources */,
				F8FA973E1C733F8900727282 /* BoardsTableViewController+BoardsHeaderViewDelegate.swift in Sources */,
				F84D68E81C4CEBA100EF8A16 /* LoginViewController.swift in Sources */,
				F84B4D651C4E66C70013D7F1 /* TasksViewController.swift in Sources */,
				F84DCDA01C8723D200D42BA3 /* BoardDetailsHeaderDelegate.swift in Sources */,
				F8547FDD1C7F332800296B45 /* UIFont+Extension.swift in Sources */,
				F84D68CA1C4CEB6900EF8A16 /* ContactsFetcherPreIOS9.swift in Sources */,
				F84CAD1C1C56363D00BC2ECC /* UserProfileViewController+UIImagePickerControllerDelegate.swift in Sources */,
				F858B73F1C57CAC4003BF286 /* CloudRegisteredUsersOperation.swift in Sources */,
				F83B7D2A1C6CB67600A24A56 /* FloatingButtonHolder.swift in Sources */,
				F80191BE1C50F3E30007D2AF /* SortableByIndex.swift in Sources */,
				F8067C4E1C61098A00782E63 /* TasksViewController+TasksHolderDelegate.swift in Sources */,
				F884BC461C60CB960057539E /* BoardsTableViewController+ContactsHandlerDelegate.swift in Sources */,
				F84D68E51C4CEB6900EF8A16 /* BoardsTableViewController.swift in Sources */,
				F84D68661C4CEB2E00EF8A16 /* AppDelegate.swift in Sources */,
				F84D68B61C4CEB6900EF8A16 /* CloudKitDatabaseHandler.swift in Sources */,
				F84D68F51C4CF8DF00EF8A16 /* BoardEditViewController.swift in Sources */,
				F8AF1BB61C91B9E5001EB2B5 /* ContactsListCell.swift in Sources */,
				F8C231471C85D63E003C600A /* RadioCheckbox.swift in Sources */,
				F84D68C91C4CEB6900EF8A16 /* ContactsFetcherIOS9.swift in Sources */,
				F84D68C41C4CEB6900EF8A16 /* Task+CoreDataProperties.swift in Sources */,
				F84CAD0F1C5624F000BC2ECC /* UserProfileViewController.swift in Sources */,
				F84D68D81C4CEB6900EF8A16 /* PublicFunctions.swift in Sources */,
				F84CAD201C563FEB00BC2ECC /* UserDefalutKeys.swift in Sources */,
				F84D69081C4D3DF400EF8A16 /* BoardEditingHolder.swift in Sources */,
				F8AF1BB81C91BF70001EB2B5 /* ContactsTableViewController + ContactsHandlerDelegate.swift in Sources */,
				F8832BC81C4FE1D200D75FAE /* CloudKitErrorParser.swift in Sources */,
				F884BC481C60DDF90057539E /* RecordIDStringIndexable.swift in Sources */,
				F84CAD141C562AF700BC2ECC /* UserProfileHeader.swift in Sources */,
				F82755CF1C58F804005A1964 /* Extensions+String.swift in Sources */,
				F84D68D11C4CEB6900EF8A16 /* UserAuthenticationStatus.swift in Sources */,
				F84D68BB1C4CEB6900EF8A16 /* ErrorContacts.swift in Sources */,
				F84CAD1E1C563F9300BC2ECC /* UserDefaultsManager.swift in Sources */,
				F84D68C51C4CEB6900EF8A16 /* Task.swift in Sources */,
				F84D68CC1C4CEB6900EF8A16 /* ContactsHandlerDelegate.swift in Sources */,
				F84D68E41C4CEB6900EF8A16 /* BoardsHolder.swift in Sources */,
				F84D68F71C4CF8E700EF8A16 /* ContactProfileViewController.swift in Sources */,
				F88669991C57997800F56C0A /* ContactsCollectionViewController+ContactsHandlerDelegate.swift in Sources */,
				F8BFD4D71C807E7D008081C6 /* TaskActionsConfirmView.swift in Sources */,
				F84B4D741C4E720E0013D7F1 /* TaskEditNavigationController.swift in Sources */,
				F8067C421C60F34000782E63 /* BoardsHolderDelegate.swift in Sources */,
				F8067C441C60F38300782E63 /* BoardsTableViewController+BoardsHolderDelegate.swift in Sources */,
				F84D69011C4D2D0500EF8A16 /* AppDelegateError.swift in Sources */,
				F8067C4A1C60F9A800782E63 /* DisplayNameCapable.swift in Sources */,
				F88669951C577A5200F56C0A /* BoardsTableViewCell.swift in Sources */,
				F8832BC41C4FB64500D75FAE /* TaskErrors.swift in Sources */,
				F84D68BC1C4CEB6900EF8A16 /* ErrorTaskBoard.swift in Sources */,
				F84B51741C5A1A010041A248 /* Extensions+UIImage.swift in Sources */,
				F8F8B25E1C7DC67F007A6F7D /* BoardsAnimatedHeader.swift in Sources */,
				F84D68C61C4CEB6900EF8A16 /* TasksHandlerDataModel.xcdatamodeld in Sources */,
			);
			runOnlyForDeploymentPostprocessing = 0;
		};
/* End PBXSourcesBuildPhase section */

/* Begin PBXVariantGroup section */
		F84D686E1C4CEB2E00EF8A16 /* LaunchScreen.storyboard */ = {
			isa = PBXVariantGroup;
			children = (
				F84D686F1C4CEB2E00EF8A16 /* Base */,
			);
			name = LaunchScreen.storyboard;
			sourceTree = "<group>";
		};
		F84D68EF1C4CEDFB00EF8A16 /* TaskManager.storyboard */ = {
			isa = PBXVariantGroup;
			children = (
				F84D68F01C4CEDFB00EF8A16 /* Base */,
			);
			name = TaskManager.storyboard;
			sourceTree = "<group>";
		};
/* End PBXVariantGroup section */

/* Begin XCBuildConfiguration section */
		F84D68721C4CEB2E00EF8A16 /* Debug */ = {
			isa = XCBuildConfiguration;
			buildSettings = {
				ALWAYS_SEARCH_USER_PATHS = NO;
				CLANG_CXX_LANGUAGE_STANDARD = "gnu++0x";
				CLANG_CXX_LIBRARY = "libc++";
				CLANG_ENABLE_MODULES = YES;
				CLANG_ENABLE_OBJC_ARC = YES;
				CLANG_WARN_BOOL_CONVERSION = YES;
				CLANG_WARN_CONSTANT_CONVERSION = YES;
				CLANG_WARN_DIRECT_OBJC_ISA_USAGE = YES_ERROR;
				CLANG_WARN_EMPTY_BODY = YES;
				CLANG_WARN_ENUM_CONVERSION = YES;
				CLANG_WARN_INT_CONVERSION = YES;
				CLANG_WARN_OBJC_ROOT_CLASS = YES_ERROR;
				CLANG_WARN_UNREACHABLE_CODE = YES;
				CLANG_WARN__DUPLICATE_METHOD_MATCH = YES;
				"CODE_SIGN_IDENTITY[sdk=iphoneos*]" = "iPhone Developer";
				COPY_PHASE_STRIP = NO;
				DEBUG_INFORMATION_FORMAT = "dwarf-with-dsym";
				ENABLE_STRICT_OBJC_MSGSEND = YES;
				ENABLE_TESTABILITY = YES;
				GCC_C_LANGUAGE_STANDARD = gnu99;
				GCC_DYNAMIC_NO_PIC = NO;
				GCC_NO_COMMON_BLOCKS = YES;
				GCC_OPTIMIZATION_LEVEL = 0;
				GCC_PREPROCESSOR_DEFINITIONS = (
					"DEBUG=1",
					"$(inherited)",
				);
				GCC_WARN_64_TO_32_BIT_CONVERSION = YES;
				GCC_WARN_ABOUT_RETURN_TYPE = YES_ERROR;
				GCC_WARN_UNDECLARED_SELECTOR = YES;
				GCC_WARN_UNINITIALIZED_AUTOS = YES_AGGRESSIVE;
				GCC_WARN_UNUSED_FUNCTION = YES;
				GCC_WARN_UNUSED_VARIABLE = YES;
				IPHONEOS_DEPLOYMENT_TARGET = 8.4;
				MTL_ENABLE_DEBUG_INFO = YES;
				ONLY_ACTIVE_ARCH = YES;
				SDKROOT = iphoneos;
				SWIFT_OPTIMIZATION_LEVEL = "-Onone";
				TARGETED_DEVICE_FAMILY = "1,2";
			};
			name = Debug;
		};
		F84D68731C4CEB2E00EF8A16 /* Release */ = {
			isa = XCBuildConfiguration;
			buildSettings = {
				ALWAYS_SEARCH_USER_PATHS = NO;
				CLANG_CXX_LANGUAGE_STANDARD = "gnu++0x";
				CLANG_CXX_LIBRARY = "libc++";
				CLANG_ENABLE_MODULES = YES;
				CLANG_ENABLE_OBJC_ARC = YES;
				CLANG_WARN_BOOL_CONVERSION = YES;
				CLANG_WARN_CONSTANT_CONVERSION = YES;
				CLANG_WARN_DIRECT_OBJC_ISA_USAGE = YES_ERROR;
				CLANG_WARN_EMPTY_BODY = YES;
				CLANG_WARN_ENUM_CONVERSION = YES;
				CLANG_WARN_INT_CONVERSION = YES;
				CLANG_WARN_OBJC_ROOT_CLASS = YES_ERROR;
				CLANG_WARN_UNREACHABLE_CODE = YES;
				CLANG_WARN__DUPLICATE_METHOD_MATCH = YES;
				"CODE_SIGN_IDENTITY[sdk=iphoneos*]" = "iPhone Developer";
				COPY_PHASE_STRIP = NO;
				DEBUG_INFORMATION_FORMAT = "dwarf-with-dsym";
				ENABLE_NS_ASSERTIONS = NO;
				ENABLE_STRICT_OBJC_MSGSEND = YES;
				GCC_C_LANGUAGE_STANDARD = gnu99;
				GCC_NO_COMMON_BLOCKS = YES;
				GCC_WARN_64_TO_32_BIT_CONVERSION = YES;
				GCC_WARN_ABOUT_RETURN_TYPE = YES_ERROR;
				GCC_WARN_UNDECLARED_SELECTOR = YES;
				GCC_WARN_UNINITIALIZED_AUTOS = YES_AGGRESSIVE;
				GCC_WARN_UNUSED_FUNCTION = YES;
				GCC_WARN_UNUSED_VARIABLE = YES;
				IPHONEOS_DEPLOYMENT_TARGET = 8.4;
				MTL_ENABLE_DEBUG_INFO = NO;
				SDKROOT = iphoneos;
				TARGETED_DEVICE_FAMILY = "1,2";
				VALIDATE_PRODUCT = YES;
			};
			name = Release;
		};
		F84D68751C4CEB2E00EF8A16 /* Debug */ = {
			isa = XCBuildConfiguration;
			baseConfigurationReference = 8452BECF58B322F3647C4245 /* Pods.debug.xcconfig */;
			buildSettings = {
				ASSETCATALOG_COMPILER_APPICON_NAME = AppIcon;
				CODE_SIGN_ENTITLEMENTS = TaskManager/TaskManager.entitlements;
				CODE_SIGN_IDENTITY = "iPhone Developer";
				"CODE_SIGN_IDENTITY[sdk=iphoneos*]" = "iPhone Developer";
				FRAMEWORK_SEARCH_PATHS = (
					"$(inherited)",
					"$(PROJECT_DIR)/TaskManager/Frameworks",
				);
				INFOPLIST_FILE = TaskManager/Info.plist;
				LD_RUNPATH_SEARCH_PATHS = "$(inherited) @executable_path/Frameworks";
				PRODUCT_BUNDLE_IDENTIFIER = com.CloudCraft.TaskManager;
				PRODUCT_NAME = "$(TARGET_NAME)";
				PROVISIONING_PROFILE = "";
			};
			name = Debug;
		};
		F84D68761C4CEB2E00EF8A16 /* Release */ = {
			isa = XCBuildConfiguration;
			baseConfigurationReference = B905EBAA48E071546628AED8 /* Pods.release.xcconfig */;
			buildSettings = {
				ASSETCATALOG_COMPILER_APPICON_NAME = AppIcon;
				CODE_SIGN_ENTITLEMENTS = TaskManager/TaskManager.entitlements;
				CODE_SIGN_IDENTITY = "iPhone Developer";
				"CODE_SIGN_IDENTITY[sdk=iphoneos*]" = "iPhone Developer";
				FRAMEWORK_SEARCH_PATHS = (
					"$(inherited)",
					"$(PROJECT_DIR)/TaskManager/Frameworks",
				);
				INFOPLIST_FILE = TaskManager/Info.plist;
				LD_RUNPATH_SEARCH_PATHS = "$(inherited) @executable_path/Frameworks";
				PRODUCT_BUNDLE_IDENTIFIER = com.CloudCraft.TaskManager;
				PRODUCT_NAME = "$(TARGET_NAME)";
				PROVISIONING_PROFILE = "";
			};
			name = Release;
		};
/* End XCBuildConfiguration section */

/* Begin XCConfigurationList section */
		F84D685D1C4CEB2E00EF8A16 /* Build configuration list for PBXProject "TaskManager" */ = {
			isa = XCConfigurationList;
			buildConfigurations = (
				F84D68721C4CEB2E00EF8A16 /* Debug */,
				F84D68731C4CEB2E00EF8A16 /* Release */,
			);
			defaultConfigurationIsVisible = 0;
			defaultConfigurationName = Release;
		};
		F84D68741C4CEB2E00EF8A16 /* Build configuration list for PBXNativeTarget "TaskManager" */ = {
			isa = XCConfigurationList;
			buildConfigurations = (
				F84D68751C4CEB2E00EF8A16 /* Debug */,
				F84D68761C4CEB2E00EF8A16 /* Release */,
			);
			defaultConfigurationIsVisible = 0;
			defaultConfigurationName = Release;
		};
/* End XCConfigurationList section */

/* Begin XCVersionGroup section */
		F84D688D1C4CEB6900EF8A16 /* TasksHandlerDataModel.xcdatamodeld */ = {
			isa = XCVersionGroup;
			children = (
				F84D688E1C4CEB6900EF8A16 /* TasksHandlerDataModel.xcdatamodel */,
			);
			currentVersion = F84D688E1C4CEB6900EF8A16 /* TasksHandlerDataModel.xcdatamodel */;
			path = TasksHandlerDataModel.xcdatamodeld;
			sourceTree = "<group>";
			versionGroupType = wrapper.xcdatamodel;
		};
/* End XCVersionGroup section */
	};
	rootObject = F84D685A1C4CEB2E00EF8A16 /* Project object */;
}
